// !$*UTF8*$!
{
	archiveVersion = 1;
	classes = {
	};
	objectVersion = 50;
	objects = {

/* Begin PBXBuildFile section */
		040E76082111F2A40074EED6 /* TarihViewController.swift in Sources */ = {isa = PBXBuildFile; fileRef = 040E76062111F2A40074EED6 /* TarihViewController.swift */; };
		040E76092111F2A40074EED6 /* TarihViewController.xib in Resources */ = {isa = PBXBuildFile; fileRef = 040E76072111F2A40074EED6 /* TarihViewController.xib */; };
		040E760C2111F2BB0074EED6 /* TarihCollectionViewCell.swift in Sources */ = {isa = PBXBuildFile; fileRef = 040E760A2111F2BB0074EED6 /* TarihCollectionViewCell.swift */; };
		040E760D2111F2BB0074EED6 /* TarihCollectionViewCell.xib in Resources */ = {isa = PBXBuildFile; fileRef = 040E760B2111F2BB0074EED6 /* TarihCollectionViewCell.xib */; };
		04172C222109E37C004DDF6A /* faiktribunu.xcdatamodeld in Sources */ = {isa = PBXBuildFile; fileRef = 04172C202109E37C004DDF6A /* faiktribunu.xcdatamodeld */; };
		04228CF12114D81E008423B6 /* OneSignalNotificationServiceExtension.entitlements in Resources */ = {isa = PBXBuildFile; fileRef = 04B21C2021064F43007695DC /* OneSignalNotificationServiceExtension.entitlements */; };
		04228CF52114DEAE008423B6 /* NotificationService.swift in Sources */ = {isa = PBXBuildFile; fileRef = 04B21C1621064E29007695DC /* NotificationService.swift */; };
		043452A5210377B1008EEC21 /* BildirimViewController.swift in Sources */ = {isa = PBXBuildFile; fileRef = 043452A3210377B1008EEC21 /* BildirimViewController.swift */; };
		043452A6210377B1008EEC21 /* BildirimViewController.xib in Resources */ = {isa = PBXBuildFile; fileRef = 043452A4210377B1008EEC21 /* BildirimViewController.xib */; };
		043452AB21038085008EEC21 /* BildirimlerTableViewCell.swift in Sources */ = {isa = PBXBuildFile; fileRef = 043452A921038085008EEC21 /* BildirimlerTableViewCell.swift */; };
		043452AC21038085008EEC21 /* BildirimlerTableViewCell.xib in Resources */ = {isa = PBXBuildFile; fileRef = 043452AA21038085008EEC21 /* BildirimlerTableViewCell.xib */; };
		0438D92D221E1EA800C437D6 /* Categories.swift in Sources */ = {isa = PBXBuildFile; fileRef = 0438D92C221E1EA800C437D6 /* Categories.swift */; };
		0438D92F221E22F700C437D6 /* cList.swift in Sources */ = {isa = PBXBuildFile; fileRef = 0438D92E221E22F700C437D6 /* cList.swift */; };
		043E393A2222FA78005A06F7 /* CommentsList.swift in Sources */ = {isa = PBXBuildFile; fileRef = 043E39392222FA78005A06F7 /* CommentsList.swift */; };
		0444E62E21126306007A98AC /* faiktribunu.xcdatamodeld in Sources */ = {isa = PBXBuildFile; fileRef = 04172C202109E37C004DDF6A /* faiktribunu.xcdatamodeld */; };
		0447F3CE2113ACF200B4E79F /* YazilarViewController.swift in Sources */ = {isa = PBXBuildFile; fileRef = 7DFE381120E512D80003E517 /* YazilarViewController.swift */; };
		044B848E211105F30085441D /* GizlilikViewController.swift in Sources */ = {isa = PBXBuildFile; fileRef = 044B848C211105F30085441D /* GizlilikViewController.swift */; };
		044B848F211105F30085441D /* GizlilikViewController.xib in Resources */ = {isa = PBXBuildFile; fileRef = 044B848D211105F30085441D /* GizlilikViewController.xib */; };
		045184AE221F5EF700C21E5E /* Author.swift in Sources */ = {isa = PBXBuildFile; fileRef = 045184AD221F5EF700C21E5E /* Author.swift */; };
		04569C0921124ABC0021FAE6 /* SoyleyisiCollectionViewCell.swift in Sources */ = {isa = PBXBuildFile; fileRef = 04569C0721124ABC0021FAE6 /* SoyleyisiCollectionViewCell.swift */; };
		04569C0A21124ABC0021FAE6 /* SoyleyisiCollectionViewCell.xib in Resources */ = {isa = PBXBuildFile; fileRef = 04569C0821124ABC0021FAE6 /* SoyleyisiCollectionViewCell.xib */; };
		04569C0D21124AD00021FAE6 /* SoyleyisiViewController.swift in Sources */ = {isa = PBXBuildFile; fileRef = 04569C0B21124AD00021FAE6 /* SoyleyisiViewController.swift */; };
		04569C0E21124AD00021FAE6 /* SoyleyisiViewController.xib in Resources */ = {isa = PBXBuildFile; fileRef = 04569C0C21124AD00021FAE6 /* SoyleyisiViewController.xib */; };
		04569C1121124E590021FAE6 /* KonuklarViewController.swift in Sources */ = {isa = PBXBuildFile; fileRef = 04569C0F21124E590021FAE6 /* KonuklarViewController.swift */; };
		04569C1221124E590021FAE6 /* KonuklarViewController.xib in Resources */ = {isa = PBXBuildFile; fileRef = 04569C1021124E590021FAE6 /* KonuklarViewController.xib */; };
		04569C1521124E6C0021FAE6 /* KonuklarCollectionViewCell.swift in Sources */ = {isa = PBXBuildFile; fileRef = 04569C1321124E6C0021FAE6 /* KonuklarCollectionViewCell.swift */; };
		04569C1621124E6C0021FAE6 /* KonuklarCollectionViewCell.xib in Resources */ = {isa = PBXBuildFile; fileRef = 04569C1421124E6C0021FAE6 /* KonuklarCollectionViewCell.xib */; };
		04680006211675160090DB68 /* Pods_OneSignalNotificationServiceExtension.framework in Frameworks */ = {isa = PBXBuildFile; fileRef = F75C6A6BD19E3F402B24B2A5 /* Pods_OneSignalNotificationServiceExtension.framework */; settings = {ATTRIBUTES = (Weak, ); }; };
		04B21C1B21064E29007695DC /* OneSignalNotificationServiceExtension.appex in Embed App Extensions */ = {isa = PBXBuildFile; fileRef = 04B21C1421064E29007695DC /* OneSignalNotificationServiceExtension.appex */; settings = {ATTRIBUTES = (RemoveHeadersOnCopy, ); }; };
		04CC739721026FB300197E7E /* BetterImage.swift in Sources */ = {isa = PBXBuildFile; fileRef = 04CC739621026FB300197E7E /* BetterImage.swift */; };
		04CC73992102705E00197E7E /* Sizes.swift in Sources */ = {isa = PBXBuildFile; fileRef = 04CC73982102705E00197E7E /* Sizes.swift */; };
		04CC739B210270E100197E7E /* Medium.swift in Sources */ = {isa = PBXBuildFile; fileRef = 04CC739A210270E100197E7E /* Medium.swift */; };
		04CC739D2102713300197E7E /* Source.swift in Sources */ = {isa = PBXBuildFile; fileRef = 04CC739C2102713300197E7E /* Source.swift */; };
		04CC73A42102948600197E7E /* GundemViewController.swift in Sources */ = {isa = PBXBuildFile; fileRef = 04CC73A22102948600197E7E /* GundemViewController.swift */; };
		04CC73A52102948600197E7E /* GundemViewController.xib in Resources */ = {isa = PBXBuildFile; fileRef = 04CC73A32102948600197E7E /* GundemViewController.xib */; };
		04CC73A8210294A300197E7E /* GundemCollectionViewCell.swift in Sources */ = {isa = PBXBuildFile; fileRef = 04CC73A6210294A300197E7E /* GundemCollectionViewCell.swift */; };
		04CC73A9210294A300197E7E /* GundemCollectionViewCell.xib in Resources */ = {isa = PBXBuildFile; fileRef = 04CC73A7210294A300197E7E /* GundemCollectionViewCell.xib */; };
		04CD18D3210120B100CB3897 /* FiksturViewController.swift in Sources */ = {isa = PBXBuildFile; fileRef = 04CD18D1210120B100CB3897 /* FiksturViewController.swift */; };
		04CD18D4210120B100CB3897 /* FiksturViewController.xib in Resources */ = {isa = PBXBuildFile; fileRef = 04CD18D2210120B100CB3897 /* FiksturViewController.xib */; };
		04CF4CA82222E7140092F761 /* BaseClass.swift in Sources */ = {isa = PBXBuildFile; fileRef = 04CF4CA12222E7130092F761 /* BaseClass.swift */; };
		04CF4CAB2222E7140092F761 /* CommentsContent.swift in Sources */ = {isa = PBXBuildFile; fileRef = 04CF4CA42222E7140092F761 /* CommentsContent.swift */; };
		04D1D58820FFBCAA00538AEF /* CustomTabBarController.swift in Sources */ = {isa = PBXBuildFile; fileRef = 04D1D58720FFBCAA00538AEF /* CustomTabBarController.swift */; };
		04D7B20F2100844800E5F05A /* ViewController.swift in Sources */ = {isa = PBXBuildFile; fileRef = 04D7B20D2100844800E5F05A /* ViewController.swift */; };
		04D7B2102100844800E5F05A /* ViewController.xib in Resources */ = {isa = PBXBuildFile; fileRef = 04D7B20E2100844800E5F05A /* ViewController.xib */; };
		04D7B21421008DD600E5F05A /* SplashViewController.swift in Sources */ = {isa = PBXBuildFile; fileRef = 04D7B21221008DD600E5F05A /* SplashViewController.swift */; };
		04D7B21521008DD600E5F05A /* SplashViewController.xib in Resources */ = {isa = PBXBuildFile; fileRef = 04D7B21321008DD600E5F05A /* SplashViewController.xib */; };
		04E2CB9D2104D06E00E237AB /* DigerleriViewController.swift in Sources */ = {isa = PBXBuildFile; fileRef = 04E2CB9B2104D06E00E237AB /* DigerleriViewController.swift */; };
		04E2CB9E2104D06E00E237AB /* DigerleriViewController.xib in Resources */ = {isa = PBXBuildFile; fileRef = 04E2CB9C2104D06E00E237AB /* DigerleriViewController.xib */; };
		3A38B7266D17DEE8E8158A92 /* Pods_OneSignalNotificationServiceExtension.framework in Frameworks */ = {isa = PBXBuildFile; fileRef = F75C6A6BD19E3F402B24B2A5 /* Pods_OneSignalNotificationServiceExtension.framework */; };
		7D06B90720C6D07600C3C269 /* StaticVariables.swift in Sources */ = {isa = PBXBuildFile; fileRef = 7D06B90620C6D07600C3C269 /* StaticVariables.swift */; };
		7D14367F20E90F6D002C8D9E /* Base.swift in Sources */ = {isa = PBXBuildFile; fileRef = 7D14367E20E90F6D002C8D9E /* Base.swift */; };
		7D14368120E90FCD002C8D9E /* BaseItem.swift in Sources */ = {isa = PBXBuildFile; fileRef = 7D14368020E90FCD002C8D9E /* BaseItem.swift */; };
		7D14368320E91117002C8D9E /* List.swift in Sources */ = {isa = PBXBuildFile; fileRef = 7D14368220E91117002C8D9E /* List.swift */; };
		7D14368520E91439002C8D9E /* Title.swift in Sources */ = {isa = PBXBuildFile; fileRef = 7D14368420E91439002C8D9E /* Title.swift */; };
		7D14368720E949EF002C8D9E /* ResBase.swift in Sources */ = {isa = PBXBuildFile; fileRef = 7D14368620E949EF002C8D9E /* ResBase.swift */; };
		7D14368920E94A58002C8D9E /* Guid.swift in Sources */ = {isa = PBXBuildFile; fileRef = 7D14368820E94A58002C8D9E /* Guid.swift */; };
		7D14368B20E94C33002C8D9E /* ResList.swift in Sources */ = {isa = PBXBuildFile; fileRef = 7D14368A20E94C33002C8D9E /* ResList.swift */; };
		7D14368D20E989D4002C8D9E /* DetayList.swift in Sources */ = {isa = PBXBuildFile; fileRef = 7D14368C20E989D4002C8D9E /* DetayList.swift */; };
		7D6027A620E3741E008CC1CA /* BJKTVViewController.swift in Sources */ = {isa = PBXBuildFile; fileRef = 7D6027A420E3741E008CC1CA /* BJKTVViewController.swift */; };
		7D6027A720E3741E008CC1CA /* BJKTVViewController.xib in Resources */ = {isa = PBXBuildFile; fileRef = 7D6027A520E3741E008CC1CA /* BJKTVViewController.xib */; };
		7D6027AE20E38C90008CC1CA /* YazilarCollectionViewCell.swift in Sources */ = {isa = PBXBuildFile; fileRef = 7D6027AC20E38C90008CC1CA /* YazilarCollectionViewCell.swift */; };
		7D6027AF20E38C90008CC1CA /* YazilarCollectionViewCell.xib in Resources */ = {isa = PBXBuildFile; fileRef = 7D6027AD20E38C90008CC1CA /* YazilarCollectionViewCell.xib */; };
		7D7172D020BBEDBD00EEA074 /* AppDelegate.swift in Sources */ = {isa = PBXBuildFile; fileRef = 7D7172CF20BBEDBD00EEA074 /* AppDelegate.swift */; };
		7D7172D720BBEDBF00EEA074 /* Assets.xcassets in Resources */ = {isa = PBXBuildFile; fileRef = 7D7172D620BBEDBF00EEA074 /* Assets.xcassets */; };
		7D7172DA20BBEDBF00EEA074 /* LaunchScreen.storyboard in Resources */ = {isa = PBXBuildFile; fileRef = 7D7172D820BBEDBF00EEA074 /* LaunchScreen.storyboard */; };
		7DBC507020E62A070046EB9F /* VideolarViewController.swift in Sources */ = {isa = PBXBuildFile; fileRef = 7DBC506E20E62A070046EB9F /* VideolarViewController.swift */; };
		7DBC507120E62A070046EB9F /* VideolarViewController.xib in Resources */ = {isa = PBXBuildFile; fileRef = 7DBC506F20E62A070046EB9F /* VideolarViewController.xib */; };
		7DBC507420E62A2E0046EB9F /* VideolarCollectionViewCell.swift in Sources */ = {isa = PBXBuildFile; fileRef = 7DBC507220E62A2E0046EB9F /* VideolarCollectionViewCell.swift */; };
		7DBC507520E62A2E0046EB9F /* VideolarCollectionViewCell.xib in Resources */ = {isa = PBXBuildFile; fileRef = 7DBC507320E62A2E0046EB9F /* VideolarCollectionViewCell.xib */; };
		7DBC507820E63D8C0046EB9F /* DetayViewController.swift in Sources */ = {isa = PBXBuildFile; fileRef = 7DBC507620E63D8C0046EB9F /* DetayViewController.swift */; };
		7DBC507920E63D8C0046EB9F /* DetayViewController.xib in Resources */ = {isa = PBXBuildFile; fileRef = 7DBC507720E63D8C0046EB9F /* DetayViewController.xib */; };
		7DBECAFC20BC44E100A4253C /* Extensions.swift in Sources */ = {isa = PBXBuildFile; fileRef = 7DBECAFB20BC44E100A4253C /* Extensions.swift */; };
		7DEE4FAD20EA3F060099839B /* Content.swift in Sources */ = {isa = PBXBuildFile; fileRef = 7DEE4FAC20EA3F060099839B /* Content.swift */; };
		7DFE381420E512D80003E517 /* YazilarViewController.xib in Resources */ = {isa = PBXBuildFile; fileRef = 7DFE381220E512D80003E517 /* YazilarViewController.xib */; };
		B17C46DBE595DDAF19284316 /* Pods_faiktribunu.framework in Frameworks */ = {isa = PBXBuildFile; fileRef = C4438E2063C9F38E306755B6 /* Pods_faiktribunu.framework */; };
/* End PBXBuildFile section */

/* Begin PBXContainerItemProxy section */
		04B21C1921064E29007695DC /* PBXContainerItemProxy */ = {
			isa = PBXContainerItemProxy;
			containerPortal = 7D7172C420BBEDBD00EEA074 /* Project object */;
			proxyType = 1;
			remoteGlobalIDString = 04B21C1321064E29007695DC;
			remoteInfo = OneSignalNotificationServiceExtension;
		};
/* End PBXContainerItemProxy section */

/* Begin PBXCopyFilesBuildPhase section */
		04B21C1F21064E29007695DC /* Embed App Extensions */ = {
			isa = PBXCopyFilesBuildPhase;
			buildActionMask = 2147483647;
			dstPath = "";
			dstSubfolderSpec = 13;
			files = (
				04B21C1B21064E29007695DC /* OneSignalNotificationServiceExtension.appex in Embed App Extensions */,
			);
			name = "Embed App Extensions";
			runOnlyForDeploymentPostprocessing = 0;
		};
/* End PBXCopyFilesBuildPhase section */

/* Begin PBXFileReference section */
		040E76062111F2A40074EED6 /* TarihViewController.swift */ = {isa = PBXFileReference; lastKnownFileType = sourcecode.swift; path = TarihViewController.swift; sourceTree = "<group>"; };
		040E76072111F2A40074EED6 /* TarihViewController.xib */ = {isa = PBXFileReference; lastKnownFileType = file.xib; path = TarihViewController.xib; sourceTree = "<group>"; };
		040E760A2111F2BB0074EED6 /* TarihCollectionViewCell.swift */ = {isa = PBXFileReference; lastKnownFileType = sourcecode.swift; path = TarihCollectionViewCell.swift; sourceTree = "<group>"; };
		040E760B2111F2BB0074EED6 /* TarihCollectionViewCell.xib */ = {isa = PBXFileReference; lastKnownFileType = file.xib; path = TarihCollectionViewCell.xib; sourceTree = "<group>"; };
		04172C212109E37C004DDF6A /* faiktribunu.xcdatamodel */ = {isa = PBXFileReference; lastKnownFileType = wrapper.xcdatamodel; path = faiktribunu.xcdatamodel; sourceTree = "<group>"; };
		043452A3210377B1008EEC21 /* BildirimViewController.swift */ = {isa = PBXFileReference; lastKnownFileType = sourcecode.swift; path = BildirimViewController.swift; sourceTree = "<group>"; };
		043452A4210377B1008EEC21 /* BildirimViewController.xib */ = {isa = PBXFileReference; lastKnownFileType = file.xib; path = BildirimViewController.xib; sourceTree = "<group>"; };
		043452A921038085008EEC21 /* BildirimlerTableViewCell.swift */ = {isa = PBXFileReference; lastKnownFileType = sourcecode.swift; path = BildirimlerTableViewCell.swift; sourceTree = "<group>"; };
		043452AA21038085008EEC21 /* BildirimlerTableViewCell.xib */ = {isa = PBXFileReference; lastKnownFileType = file.xib; path = BildirimlerTableViewCell.xib; sourceTree = "<group>"; };
		0438D92C221E1EA800C437D6 /* Categories.swift */ = {isa = PBXFileReference; fileEncoding = 4; lastKnownFileType = sourcecode.swift; path = Categories.swift; sourceTree = "<group>"; };
		0438D92E221E22F700C437D6 /* cList.swift */ = {isa = PBXFileReference; lastKnownFileType = sourcecode.swift; path = cList.swift; sourceTree = "<group>"; };
		043E39392222FA78005A06F7 /* CommentsList.swift */ = {isa = PBXFileReference; lastKnownFileType = sourcecode.swift; path = CommentsList.swift; sourceTree = "<group>"; };
		044B848C211105F30085441D /* GizlilikViewController.swift */ = {isa = PBXFileReference; lastKnownFileType = sourcecode.swift; path = GizlilikViewController.swift; sourceTree = "<group>"; };
		044B848D211105F30085441D /* GizlilikViewController.xib */ = {isa = PBXFileReference; lastKnownFileType = file.xib; path = GizlilikViewController.xib; sourceTree = "<group>"; };
		045184AD221F5EF700C21E5E /* Author.swift */ = {isa = PBXFileReference; lastKnownFileType = sourcecode.swift; path = Author.swift; sourceTree = "<group>"; };
		04569C0721124ABC0021FAE6 /* SoyleyisiCollectionViewCell.swift */ = {isa = PBXFileReference; lastKnownFileType = sourcecode.swift; path = SoyleyisiCollectionViewCell.swift; sourceTree = "<group>"; };
		04569C0821124ABC0021FAE6 /* SoyleyisiCollectionViewCell.xib */ = {isa = PBXFileReference; lastKnownFileType = file.xib; path = SoyleyisiCollectionViewCell.xib; sourceTree = "<group>"; };
		04569C0B21124AD00021FAE6 /* SoyleyisiViewController.swift */ = {isa = PBXFileReference; lastKnownFileType = sourcecode.swift; path = SoyleyisiViewController.swift; sourceTree = "<group>"; };
		04569C0C21124AD00021FAE6 /* SoyleyisiViewController.xib */ = {isa = PBXFileReference; lastKnownFileType = file.xib; path = SoyleyisiViewController.xib; sourceTree = "<group>"; };
		04569C0F21124E590021FAE6 /* KonuklarViewController.swift */ = {isa = PBXFileReference; lastKnownFileType = sourcecode.swift; path = KonuklarViewController.swift; sourceTree = "<group>"; };
		04569C1021124E590021FAE6 /* KonuklarViewController.xib */ = {isa = PBXFileReference; lastKnownFileType = file.xib; path = KonuklarViewController.xib; sourceTree = "<group>"; };
		04569C1321124E6C0021FAE6 /* KonuklarCollectionViewCell.swift */ = {isa = PBXFileReference; lastKnownFileType = sourcecode.swift; path = KonuklarCollectionViewCell.swift; sourceTree = "<group>"; };
		04569C1421124E6C0021FAE6 /* KonuklarCollectionViewCell.xib */ = {isa = PBXFileReference; lastKnownFileType = file.xib; path = KonuklarCollectionViewCell.xib; sourceTree = "<group>"; };
		04B21C1421064E29007695DC /* OneSignalNotificationServiceExtension.appex */ = {isa = PBXFileReference; explicitFileType = "wrapper.app-extension"; includeInIndex = 0; path = OneSignalNotificationServiceExtension.appex; sourceTree = BUILT_PRODUCTS_DIR; };
		04B21C1621064E29007695DC /* NotificationService.swift */ = {isa = PBXFileReference; lastKnownFileType = sourcecode.swift; path = NotificationService.swift; sourceTree = "<group>"; };
		04B21C1821064E29007695DC /* Info.plist */ = {isa = PBXFileReference; lastKnownFileType = text.plist.xml; path = Info.plist; sourceTree = "<group>"; };
		04B21C2021064F43007695DC /* OneSignalNotificationServiceExtension.entitlements */ = {isa = PBXFileReference; lastKnownFileType = text.plist.entitlements; path = OneSignalNotificationServiceExtension.entitlements; sourceTree = "<group>"; };
		04C1A8A921088EAF000C05C7 /* NotificationService.appex */ = {isa = PBXFileReference; explicitFileType = "wrapper.app-extension"; includeInIndex = 0; path = NotificationService.appex; sourceTree = BUILT_PRODUCTS_DIR; };
		04CC739521023CE700197E7E /* en */ = {isa = PBXFileReference; lastKnownFileType = text.plist.strings; name = en; path = en.lproj/LaunchScreen.strings; sourceTree = "<group>"; };
		04CC739621026FB300197E7E /* BetterImage.swift */ = {isa = PBXFileReference; lastKnownFileType = sourcecode.swift; path = BetterImage.swift; sourceTree = "<group>"; };
		04CC73982102705E00197E7E /* Sizes.swift */ = {isa = PBXFileReference; lastKnownFileType = sourcecode.swift; path = Sizes.swift; sourceTree = "<group>"; };
		04CC739A210270E100197E7E /* Medium.swift */ = {isa = PBXFileReference; lastKnownFileType = sourcecode.swift; path = Medium.swift; sourceTree = "<group>"; };
		04CC739C2102713300197E7E /* Source.swift */ = {isa = PBXFileReference; lastKnownFileType = sourcecode.swift; path = Source.swift; sourceTree = "<group>"; };
		04CC73A22102948600197E7E /* GundemViewController.swift */ = {isa = PBXFileReference; lastKnownFileType = sourcecode.swift; path = GundemViewController.swift; sourceTree = "<group>"; };
		04CC73A32102948600197E7E /* GundemViewController.xib */ = {isa = PBXFileReference; lastKnownFileType = file.xib; path = GundemViewController.xib; sourceTree = "<group>"; };
		04CC73A6210294A300197E7E /* GundemCollectionViewCell.swift */ = {isa = PBXFileReference; lastKnownFileType = sourcecode.swift; path = GundemCollectionViewCell.swift; sourceTree = "<group>"; };
		04CC73A7210294A300197E7E /* GundemCollectionViewCell.xib */ = {isa = PBXFileReference; lastKnownFileType = file.xib; path = GundemCollectionViewCell.xib; sourceTree = "<group>"; };
		04CD18D1210120B100CB3897 /* FiksturViewController.swift */ = {isa = PBXFileReference; lastKnownFileType = sourcecode.swift; path = FiksturViewController.swift; sourceTree = "<group>"; };
		04CD18D2210120B100CB3897 /* FiksturViewController.xib */ = {isa = PBXFileReference; lastKnownFileType = file.xib; path = FiksturViewController.xib; sourceTree = "<group>"; };
		04CF4CA12222E7130092F761 /* BaseClass.swift */ = {isa = PBXFileReference; fileEncoding = 4; lastKnownFileType = sourcecode.swift; path = BaseClass.swift; sourceTree = "<group>"; };
		04CF4CA42222E7140092F761 /* CommentsContent.swift */ = {isa = PBXFileReference; fileEncoding = 4; lastKnownFileType = sourcecode.swift; path = CommentsContent.swift; sourceTree = "<group>"; };
		04D1D58720FFBCAA00538AEF /* CustomTabBarController.swift */ = {isa = PBXFileReference; lastKnownFileType = sourcecode.swift; path = CustomTabBarController.swift; sourceTree = "<group>"; };
		04D7B20D2100844800E5F05A /* ViewController.swift */ = {isa = PBXFileReference; lastKnownFileType = sourcecode.swift; path = ViewController.swift; sourceTree = "<group>"; };
		04D7B20E2100844800E5F05A /* ViewController.xib */ = {isa = PBXFileReference; lastKnownFileType = file.xib; path = ViewController.xib; sourceTree = "<group>"; };
		04D7B21221008DD600E5F05A /* SplashViewController.swift */ = {isa = PBXFileReference; lastKnownFileType = sourcecode.swift; path = SplashViewController.swift; sourceTree = "<group>"; };
		04D7B21321008DD600E5F05A /* SplashViewController.xib */ = {isa = PBXFileReference; lastKnownFileType = file.xib; path = SplashViewController.xib; sourceTree = "<group>"; };
		04E2CB9B2104D06E00E237AB /* DigerleriViewController.swift */ = {isa = PBXFileReference; lastKnownFileType = sourcecode.swift; path = DigerleriViewController.swift; sourceTree = "<group>"; };
		04E2CB9C2104D06E00E237AB /* DigerleriViewController.xib */ = {isa = PBXFileReference; lastKnownFileType = file.xib; path = DigerleriViewController.xib; sourceTree = "<group>"; };
		7D06B90620C6D07600C3C269 /* StaticVariables.swift */ = {isa = PBXFileReference; lastKnownFileType = sourcecode.swift; path = StaticVariables.swift; sourceTree = "<group>"; };
		7D14367E20E90F6D002C8D9E /* Base.swift */ = {isa = PBXFileReference; lastKnownFileType = sourcecode.swift; path = Base.swift; sourceTree = "<group>"; };
		7D14368020E90FCD002C8D9E /* BaseItem.swift */ = {isa = PBXFileReference; lastKnownFileType = sourcecode.swift; path = BaseItem.swift; sourceTree = "<group>"; };
		7D14368220E91117002C8D9E /* List.swift */ = {isa = PBXFileReference; lastKnownFileType = sourcecode.swift; path = List.swift; sourceTree = "<group>"; };
		7D14368420E91439002C8D9E /* Title.swift */ = {isa = PBXFileReference; lastKnownFileType = sourcecode.swift; path = Title.swift; sourceTree = "<group>"; };
		7D14368620E949EF002C8D9E /* ResBase.swift */ = {isa = PBXFileReference; lastKnownFileType = sourcecode.swift; path = ResBase.swift; sourceTree = "<group>"; };
		7D14368820E94A58002C8D9E /* Guid.swift */ = {isa = PBXFileReference; lastKnownFileType = sourcecode.swift; path = Guid.swift; sourceTree = "<group>"; };
		7D14368A20E94C33002C8D9E /* ResList.swift */ = {isa = PBXFileReference; lastKnownFileType = sourcecode.swift; path = ResList.swift; sourceTree = "<group>"; };
		7D14368C20E989D4002C8D9E /* DetayList.swift */ = {isa = PBXFileReference; lastKnownFileType = sourcecode.swift; path = DetayList.swift; sourceTree = "<group>"; };
		7D6027A420E3741E008CC1CA /* BJKTVViewController.swift */ = {isa = PBXFileReference; lastKnownFileType = sourcecode.swift; path = BJKTVViewController.swift; sourceTree = "<group>"; };
		7D6027A520E3741E008CC1CA /* BJKTVViewController.xib */ = {isa = PBXFileReference; lastKnownFileType = file.xib; path = BJKTVViewController.xib; sourceTree = "<group>"; };
		7D6027AC20E38C90008CC1CA /* YazilarCollectionViewCell.swift */ = {isa = PBXFileReference; lastKnownFileType = sourcecode.swift; path = YazilarCollectionViewCell.swift; sourceTree = "<group>"; };
		7D6027AD20E38C90008CC1CA /* YazilarCollectionViewCell.xib */ = {isa = PBXFileReference; lastKnownFileType = file.xib; path = YazilarCollectionViewCell.xib; sourceTree = "<group>"; };
		7D7172CC20BBEDBD00EEA074 /* faiktribunu.app */ = {isa = PBXFileReference; explicitFileType = wrapper.application; includeInIndex = 0; path = faiktribunu.app; sourceTree = BUILT_PRODUCTS_DIR; };
		7D7172CF20BBEDBD00EEA074 /* AppDelegate.swift */ = {isa = PBXFileReference; lastKnownFileType = sourcecode.swift; path = AppDelegate.swift; sourceTree = "<group>"; };
		7D7172D620BBEDBF00EEA074 /* Assets.xcassets */ = {isa = PBXFileReference; lastKnownFileType = folder.assetcatalog; path = Assets.xcassets; sourceTree = "<group>"; };
		7D7172D920BBEDBF00EEA074 /* Base */ = {isa = PBXFileReference; lastKnownFileType = file.storyboard; name = Base; path = Base.lproj/LaunchScreen.storyboard; sourceTree = "<group>"; };
		7D7172DB20BBEDBF00EEA074 /* Info.plist */ = {isa = PBXFileReference; lastKnownFileType = text.plist.xml; path = Info.plist; sourceTree = "<group>"; };
		7DBC506E20E62A070046EB9F /* VideolarViewController.swift */ = {isa = PBXFileReference; lastKnownFileType = sourcecode.swift; path = VideolarViewController.swift; sourceTree = "<group>"; };
		7DBC506F20E62A070046EB9F /* VideolarViewController.xib */ = {isa = PBXFileReference; lastKnownFileType = file.xib; path = VideolarViewController.xib; sourceTree = "<group>"; };
		7DBC507220E62A2E0046EB9F /* VideolarCollectionViewCell.swift */ = {isa = PBXFileReference; lastKnownFileType = sourcecode.swift; path = VideolarCollectionViewCell.swift; sourceTree = "<group>"; };
		7DBC507320E62A2E0046EB9F /* VideolarCollectionViewCell.xib */ = {isa = PBXFileReference; lastKnownFileType = file.xib; path = VideolarCollectionViewCell.xib; sourceTree = "<group>"; };
		7DBC507620E63D8C0046EB9F /* DetayViewController.swift */ = {isa = PBXFileReference; lastKnownFileType = sourcecode.swift; path = DetayViewController.swift; sourceTree = "<group>"; };
		7DBC507720E63D8C0046EB9F /* DetayViewController.xib */ = {isa = PBXFileReference; lastKnownFileType = file.xib; path = DetayViewController.xib; sourceTree = "<group>"; };
		7DBECAFB20BC44E100A4253C /* Extensions.swift */ = {isa = PBXFileReference; lastKnownFileType = sourcecode.swift; path = Extensions.swift; sourceTree = "<group>"; };
		7DEE4FAC20EA3F060099839B /* Content.swift */ = {isa = PBXFileReference; lastKnownFileType = sourcecode.swift; path = Content.swift; sourceTree = "<group>"; };
		7DFE381120E512D80003E517 /* YazilarViewController.swift */ = {isa = PBXFileReference; lastKnownFileType = sourcecode.swift; path = YazilarViewController.swift; sourceTree = "<group>"; };
		7DFE381220E512D80003E517 /* YazilarViewController.xib */ = {isa = PBXFileReference; lastKnownFileType = file.xib; path = YazilarViewController.xib; sourceTree = "<group>"; };
		807A186C0066662846B6660D /* Pods-OneSignalNotificationServiceExtension.debug.xcconfig */ = {isa = PBXFileReference; includeInIndex = 1; lastKnownFileType = text.xcconfig; name = "Pods-OneSignalNotificationServiceExtension.debug.xcconfig"; path = "Pods/Target Support Files/Pods-OneSignalNotificationServiceExtension/Pods-OneSignalNotificationServiceExtension.debug.xcconfig"; sourceTree = "<group>"; };
		B557EBFAD21F21E3C5897E4B /* Pods-faiktribunu.debug.xcconfig */ = {isa = PBXFileReference; includeInIndex = 1; lastKnownFileType = text.xcconfig; name = "Pods-faiktribunu.debug.xcconfig"; path = "Pods/Target Support Files/Pods-faiktribunu/Pods-faiktribunu.debug.xcconfig"; sourceTree = "<group>"; };
		C4438E2063C9F38E306755B6 /* Pods_faiktribunu.framework */ = {isa = PBXFileReference; explicitFileType = wrapper.framework; includeInIndex = 0; path = Pods_faiktribunu.framework; sourceTree = BUILT_PRODUCTS_DIR; };
		F75C6A6BD19E3F402B24B2A5 /* Pods_OneSignalNotificationServiceExtension.framework */ = {isa = PBXFileReference; explicitFileType = wrapper.framework; includeInIndex = 0; path = Pods_OneSignalNotificationServiceExtension.framework; sourceTree = BUILT_PRODUCTS_DIR; };
		F80A59D8AE459DE24BB840EF /* Pods-faiktribunu.release.xcconfig */ = {isa = PBXFileReference; includeInIndex = 1; lastKnownFileType = text.xcconfig; name = "Pods-faiktribunu.release.xcconfig"; path = "Pods/Target Support Files/Pods-faiktribunu/Pods-faiktribunu.release.xcconfig"; sourceTree = "<group>"; };
		FF2E5C83CAB4D2E646C20A38 /* Pods-OneSignalNotificationServiceExtension.release.xcconfig */ = {isa = PBXFileReference; includeInIndex = 1; lastKnownFileType = text.xcconfig; name = "Pods-OneSignalNotificationServiceExtension.release.xcconfig"; path = "Pods/Target Support Files/Pods-OneSignalNotificationServiceExtension/Pods-OneSignalNotificationServiceExtension.release.xcconfig"; sourceTree = "<group>"; };
/* End PBXFileReference section */

/* Begin PBXFrameworksBuildPhase section */
		04B21C1121064E29007695DC /* Frameworks */ = {
			isa = PBXFrameworksBuildPhase;
			buildActionMask = 2147483647;
			files = (
				3A38B7266D17DEE8E8158A92 /* Pods_OneSignalNotificationServiceExtension.framework in Frameworks */,
			);
			runOnlyForDeploymentPostprocessing = 0;
		};
		04C1A8A621088EAF000C05C7 /* Frameworks */ = {
			isa = PBXFrameworksBuildPhase;
			buildActionMask = 2147483647;
			files = (
			);
			runOnlyForDeploymentPostprocessing = 0;
		};
		7D7172C920BBEDBD00EEA074 /* Frameworks */ = {
			isa = PBXFrameworksBuildPhase;
			buildActionMask = 2147483647;
			files = (
				04680006211675160090DB68 /* Pods_OneSignalNotificationServiceExtension.framework in Frameworks */,
				B17C46DBE595DDAF19284316 /* Pods_faiktribunu.framework in Frameworks */,
			);
			runOnlyForDeploymentPostprocessing = 0;
		};
/* End PBXFrameworksBuildPhase section */

/* Begin PBXGroup section */
		018DD4A2FC46C7BD3B0CA247 /* Frameworks */ = {
			isa = PBXGroup;
			children = (
				C4438E2063C9F38E306755B6 /* Pods_faiktribunu.framework */,
				F75C6A6BD19E3F402B24B2A5 /* Pods_OneSignalNotificationServiceExtension.framework */,
			);
			name = Frameworks;
			sourceTree = "<group>";
		};
		043452A7210377B7008EEC21 /* Puan & Fikstur */ = {
			isa = PBXGroup;
			children = (
				04CD18D1210120B100CB3897 /* FiksturViewController.swift */,
				04CD18D2210120B100CB3897 /* FiksturViewController.xib */,
			);
			path = "Puan & Fikstur";
			sourceTree = "<group>";
		};
		043452A8210377CC008EEC21 /* Bildirim */ = {
			isa = PBXGroup;
			children = (
				043452A3210377B1008EEC21 /* BildirimViewController.swift */,
				043452A4210377B1008EEC21 /* BildirimViewController.xib */,
				043452A921038085008EEC21 /* BildirimlerTableViewCell.swift */,
				043452AA21038085008EEC21 /* BildirimlerTableViewCell.xib */,
			);
			path = Bildirim;
			sourceTree = "<group>";
		};
		04B21C1521064E29007695DC /* OneSignalNotificationServiceExtension */ = {
			isa = PBXGroup;
			children = (
				04B21C2021064F43007695DC /* OneSignalNotificationServiceExtension.entitlements */,
				04B21C1621064E29007695DC /* NotificationService.swift */,
				04B21C1821064E29007695DC /* Info.plist */,
			);
			path = OneSignalNotificationServiceExtension;
			sourceTree = "<group>";
		};
		04CC739E210293AC00197E7E /* Gundem */ = {
			isa = PBXGroup;
			children = (
				04CC73A22102948600197E7E /* GundemViewController.swift */,
				04CC73A32102948600197E7E /* GundemViewController.xib */,
				04CC73A6210294A300197E7E /* GundemCollectionViewCell.swift */,
				04CC73A7210294A300197E7E /* GundemCollectionViewCell.xib */,
			);
			path = Gundem;
			sourceTree = "<group>";
		};
		04CC739F210293C000197E7E /* Tarih */ = {
			isa = PBXGroup;
			children = (
				040E76062111F2A40074EED6 /* TarihViewController.swift */,
				040E76072111F2A40074EED6 /* TarihViewController.xib */,
				040E760A2111F2BB0074EED6 /* TarihCollectionViewCell.swift */,
				040E760B2111F2BB0074EED6 /* TarihCollectionViewCell.xib */,
			);
			path = Tarih;
			sourceTree = "<group>";
		};
		04CC73A0210293C900197E7E /* Soyleyisi */ = {
			isa = PBXGroup;
			children = (
				04569C0B21124AD00021FAE6 /* SoyleyisiViewController.swift */,
				04569C0C21124AD00021FAE6 /* SoyleyisiViewController.xib */,
				04569C0721124ABC0021FAE6 /* SoyleyisiCollectionViewCell.swift */,
				04569C0821124ABC0021FAE6 /* SoyleyisiCollectionViewCell.xib */,
			);
			path = Soyleyisi;
			sourceTree = "<group>";
		};
		04CC73A1210293D700197E7E /* Konuklar */ = {
			isa = PBXGroup;
			children = (
				04569C0F21124E590021FAE6 /* KonuklarViewController.swift */,
				04569C1021124E590021FAE6 /* KonuklarViewController.xib */,
				04569C1321124E6C0021FAE6 /* KonuklarCollectionViewCell.swift */,
				04569C1421124E6C0021FAE6 /* KonuklarCollectionViewCell.xib */,
			);
			path = Konuklar;
			sourceTree = "<group>";
		};
		04CD18D021011FF200CB3897 /* Tab Bar */ = {
			isa = PBXGroup;
			children = (
				04E2CB9A2104CEF600E237AB /* Digerleri */,
				043452A7210377B7008EEC21 /* Puan & Fikstur */,
				043452A8210377CC008EEC21 /* Bildirim */,
			);
			path = "Tab Bar";
			sourceTree = "<group>";
		};
		04CF4C9D2222E6D40092F761 /* Comments */ = {
			isa = PBXGroup;
			children = (
				04CF4CA12222E7130092F761 /* BaseClass.swift */,
				04CF4CA42222E7140092F761 /* CommentsContent.swift */,
				043E39392222FA78005A06F7 /* CommentsList.swift */,
			);
			path = Comments;
			sourceTree = "<group>";
		};
		04D7B21121008DC200E5F05A /* Splash */ = {
			isa = PBXGroup;
			children = (
				04D7B21221008DD600E5F05A /* SplashViewController.swift */,
				04D7B21321008DD600E5F05A /* SplashViewController.xib */,
			);
			path = Splash;
			sourceTree = "<group>";
		};
		04E2CB9A2104CEF600E237AB /* Digerleri */ = {
			isa = PBXGroup;
			children = (
				04E2CB9B2104D06E00E237AB /* DigerleriViewController.swift */,
				04E2CB9C2104D06E00E237AB /* DigerleriViewController.xib */,
				044B848C211105F30085441D /* GizlilikViewController.swift */,
				044B848D211105F30085441D /* GizlilikViewController.xib */,
			);
			path = Digerleri;
			sourceTree = "<group>";
		};
		7D14367D20E90F5E002C8D9E /* Models */ = {
			isa = PBXGroup;
			children = (
				04CF4C9D2222E6D40092F761 /* Comments */,
				7D14367E20E90F6D002C8D9E /* Base.swift */,
				7D14368020E90FCD002C8D9E /* BaseItem.swift */,
				7D14368220E91117002C8D9E /* List.swift */,
				7D14368420E91439002C8D9E /* Title.swift */,
				7D14368620E949EF002C8D9E /* ResBase.swift */,
				0438D92C221E1EA800C437D6 /* Categories.swift */,
				7D14368820E94A58002C8D9E /* Guid.swift */,
				7D14368A20E94C33002C8D9E /* ResList.swift */,
				7D14368C20E989D4002C8D9E /* DetayList.swift */,
				7DEE4FAC20EA3F060099839B /* Content.swift */,
				04CC739621026FB300197E7E /* BetterImage.swift */,
				04CC73982102705E00197E7E /* Sizes.swift */,
				04CC739A210270E100197E7E /* Medium.swift */,
				04CC739C2102713300197E7E /* Source.swift */,
				0438D92E221E22F700C437D6 /* cList.swift */,
				045184AD221F5EF700C21E5E /* Author.swift */,
			);
			path = Models;
			sourceTree = "<group>";
		};
		7D7172C320BBEDBD00EEA074 = {
			isa = PBXGroup;
			children = (
				04172C202109E37C004DDF6A /* faiktribunu.xcdatamodeld */,
				7D7172CE20BBEDBD00EEA074 /* faiktribunu */,
				04B21C1521064E29007695DC /* OneSignalNotificationServiceExtension */,
				7D7172CD20BBEDBD00EEA074 /* Products */,
				B28BEECC3F6444ABB6008A70 /* Pods */,
				018DD4A2FC46C7BD3B0CA247 /* Frameworks */,
			);
			sourceTree = "<group>";
		};
		7D7172CD20BBEDBD00EEA074 /* Products */ = {
			isa = PBXGroup;
			children = (
				7D7172CC20BBEDBD00EEA074 /* faiktribunu.app */,
				04B21C1421064E29007695DC /* OneSignalNotificationServiceExtension.appex */,
				04C1A8A921088EAF000C05C7 /* NotificationService.appex */,
			);
			name = Products;
			sourceTree = "<group>";
		};
		7D7172CE20BBEDBD00EEA074 /* faiktribunu */ = {
			isa = PBXGroup;
			children = (
				04CD18D021011FF200CB3897 /* Tab Bar */,
				04D7B21121008DC200E5F05A /* Splash */,
				7D14367D20E90F5E002C8D9E /* Models */,
				7DFE381020E512530003E517 /* Segment Tabs */,
				7D7172CF20BBEDBD00EEA074 /* AppDelegate.swift */,
				04D7B20D2100844800E5F05A /* ViewController.swift */,
				04D7B20E2100844800E5F05A /* ViewController.xib */,
				7D7172D620BBEDBF00EEA074 /* Assets.xcassets */,
				7D7172DB20BBEDBF00EEA074 /* Info.plist */,
				7DBECAFB20BC44E100A4253C /* Extensions.swift */,
				7DBC507620E63D8C0046EB9F /* DetayViewController.swift */,
				7DBC507720E63D8C0046EB9F /* DetayViewController.xib */,
				7D7172D820BBEDBF00EEA074 /* LaunchScreen.storyboard */,
				7D06B90620C6D07600C3C269 /* StaticVariables.swift */,
				7D6027A420E3741E008CC1CA /* BJKTVViewController.swift */,
				7D6027A520E3741E008CC1CA /* BJKTVViewController.xib */,
				04D1D58720FFBCAA00538AEF /* CustomTabBarController.swift */,
			);
			path = faiktribunu;
			sourceTree = "<group>";
		};
		7DBC506C20E625FA0046EB9F /* Yazilar */ = {
			isa = PBXGroup;
			children = (
				7DFE381120E512D80003E517 /* YazilarViewController.swift */,
				7DFE381220E512D80003E517 /* YazilarViewController.xib */,
				7D6027AC20E38C90008CC1CA /* YazilarCollectionViewCell.swift */,
				7D6027AD20E38C90008CC1CA /* YazilarCollectionViewCell.xib */,
			);
			path = Yazilar;
			sourceTree = "<group>";
		};
		7DBC506D20E629CF0046EB9F /* Videolar */ = {
			isa = PBXGroup;
			children = (
				7DBC506E20E62A070046EB9F /* VideolarViewController.swift */,
				7DBC506F20E62A070046EB9F /* VideolarViewController.xib */,
				7DBC507220E62A2E0046EB9F /* VideolarCollectionViewCell.swift */,
				7DBC507320E62A2E0046EB9F /* VideolarCollectionViewCell.xib */,
			);
			path = Videolar;
			sourceTree = "<group>";
		};
		7DFE381020E512530003E517 /* Segment Tabs */ = {
			isa = PBXGroup;
			children = (
				7DBC506C20E625FA0046EB9F /* Yazilar */,
				04CC739E210293AC00197E7E /* Gundem */,
				7DBC506D20E629CF0046EB9F /* Videolar */,
				04CC739F210293C000197E7E /* Tarih */,
				04CC73A0210293C900197E7E /* Soyleyisi */,
				04CC73A1210293D700197E7E /* Konuklar */,
			);
			path = "Segment Tabs";
			sourceTree = "<group>";
		};
		B28BEECC3F6444ABB6008A70 /* Pods */ = {
			isa = PBXGroup;
			children = (
				B557EBFAD21F21E3C5897E4B /* Pods-faiktribunu.debug.xcconfig */,
				F80A59D8AE459DE24BB840EF /* Pods-faiktribunu.release.xcconfig */,
				807A186C0066662846B6660D /* Pods-OneSignalNotificationServiceExtension.debug.xcconfig */,
				FF2E5C83CAB4D2E646C20A38 /* Pods-OneSignalNotificationServiceExtension.release.xcconfig */,
			);
			name = Pods;
			sourceTree = "<group>";
		};
/* End PBXGroup section */

/* Begin PBXNativeTarget section */
		04B21C1321064E29007695DC /* OneSignalNotificationServiceExtension */ = {
			isa = PBXNativeTarget;
			buildConfigurationList = 04B21C1C21064E29007695DC /* Build configuration list for PBXNativeTarget "OneSignalNotificationServiceExtension" */;
			buildPhases = (
				BA54458963B0674B37411990 /* [CP] Check Pods Manifest.lock */,
				04B21C1021064E29007695DC /* Sources */,
				04B21C1121064E29007695DC /* Frameworks */,
				04B21C1221064E29007695DC /* Resources */,
			);
			buildRules = (
			);
			dependencies = (
			);
			name = OneSignalNotificationServiceExtension;
			productName = OneSignalNotificationServiceExtension;
			productReference = 04B21C1421064E29007695DC /* OneSignalNotificationServiceExtension.appex */;
			productType = "com.apple.product-type.app-extension";
		};
		04C1A8A821088EAF000C05C7 /* NotificationService */ = {
			isa = PBXNativeTarget;
			buildConfigurationList = 04C1A8B321088EAF000C05C7 /* Build configuration list for PBXNativeTarget "NotificationService" */;
			buildPhases = (
				04C1A8A521088EAF000C05C7 /* Sources */,
				04C1A8A621088EAF000C05C7 /* Frameworks */,
				04C1A8A721088EAF000C05C7 /* Resources */,
			);
			buildRules = (
			);
			dependencies = (
			);
			name = NotificationService;
			productName = NotificationService;
			productReference = 04C1A8A921088EAF000C05C7 /* NotificationService.appex */;
			productType = "com.apple.product-type.app-extension";
		};
		7D7172CB20BBEDBD00EEA074 /* faiktribunu */ = {
			isa = PBXNativeTarget;
			buildConfigurationList = 7D7172DE20BBEDBF00EEA074 /* Build configuration list for PBXNativeTarget "faiktribunu" */;
			buildPhases = (
				23DF9BD1979C2519428A388D /* [CP] Check Pods Manifest.lock */,
				7D7172C820BBEDBD00EEA074 /* Sources */,
				7D7172C920BBEDBD00EEA074 /* Frameworks */,
				7D7172CA20BBEDBD00EEA074 /* Resources */,
				6D1FD235463613E7559CA7A7 /* [CP] Embed Pods Frameworks */,
				04B21C1F21064E29007695DC /* Embed App Extensions */,
				04569C1B211260510021FAE6 /* ShellScript */,
			);
			buildRules = (
			);
			dependencies = (
				04B21C1A21064E29007695DC /* PBXTargetDependency */,
			);
			name = faiktribunu;
			productName = faiktribunu;
			productReference = 7D7172CC20BBEDBD00EEA074 /* faiktribunu.app */;
			productType = "com.apple.product-type.application";
		};
/* End PBXNativeTarget section */

/* Begin PBXProject section */
		7D7172C420BBEDBD00EEA074 /* Project object */ = {
			isa = PBXProject;
			attributes = {
				LastSwiftUpdateCheck = 1000;
				LastUpgradeCheck = 0930;
				ORGANIZATIONNAME = "Halil İbrahim YÜCE";
				TargetAttributes = {
					04B21C1321064E29007695DC = {
						CreatedOnToolsVersion = 10.0;
						SystemCapabilities = {
							com.apple.Push = {
								enabled = 1;
							};
						};
					};
					04C1A8A821088EAF000C05C7 = {
						CreatedOnToolsVersion = 10.0;
					};
					7D7172CB20BBEDBD00EEA074 = {
						CreatedOnToolsVersion = 9.3.1;
						LastSwiftMigration = 1010;
						SystemCapabilities = {
							com.apple.BackgroundModes = {
								enabled = 1;
							};
							com.apple.Push = {
								enabled = 1;
							};
							com.apple.SafariKeychain = {
								enabled = 0;
							};
						};
					};
				};
			};
			buildConfigurationList = 7D7172C720BBEDBD00EEA074 /* Build configuration list for PBXProject "faiktribunu" */;
			compatibilityVersion = "Xcode 9.3";
			developmentRegion = en;
			hasScannedForEncodings = 0;
			knownRegions = (
				en,
				Base,
			);
			mainGroup = 7D7172C320BBEDBD00EEA074;
			productRefGroup = 7D7172CD20BBEDBD00EEA074 /* Products */;
			projectDirPath = "";
			projectRoot = "";
			targets = (
				7D7172CB20BBEDBD00EEA074 /* faiktribunu */,
				04B21C1321064E29007695DC /* OneSignalNotificationServiceExtension */,
				04C1A8A821088EAF000C05C7 /* NotificationService */,
			);
		};
/* End PBXProject section */

/* Begin PBXResourcesBuildPhase section */
		04B21C1221064E29007695DC /* Resources */ = {
			isa = PBXResourcesBuildPhase;
			buildActionMask = 2147483647;
			files = (
			);
			runOnlyForDeploymentPostprocessing = 0;
		};
		04C1A8A721088EAF000C05C7 /* Resources */ = {
			isa = PBXResourcesBuildPhase;
			buildActionMask = 2147483647;
			files = (
			);
			runOnlyForDeploymentPostprocessing = 0;
		};
		7D7172CA20BBEDBD00EEA074 /* Resources */ = {
			isa = PBXResourcesBuildPhase;
			buildActionMask = 2147483647;
			files = (
				04CC73A52102948600197E7E /* GundemViewController.xib in Resources */,
				040E76092111F2A40074EED6 /* TarihViewController.xib in Resources */,
				7DBC507920E63D8C0046EB9F /* DetayViewController.xib in Resources */,
				04569C0E21124AD00021FAE6 /* SoyleyisiViewController.xib in Resources */,
				04E2CB9E2104D06E00E237AB /* DigerleriViewController.xib in Resources */,
				7D7172DA20BBEDBF00EEA074 /* LaunchScreen.storyboard in Resources */,
				7DFE381420E512D80003E517 /* YazilarViewController.xib in Resources */,
				04569C1221124E590021FAE6 /* KonuklarViewController.xib in Resources */,
				043452AC21038085008EEC21 /* BildirimlerTableViewCell.xib in Resources */,
				04D7B21521008DD600E5F05A /* SplashViewController.xib in Resources */,
				7D6027A720E3741E008CC1CA /* BJKTVViewController.xib in Resources */,
				04228CF12114D81E008423B6 /* OneSignalNotificationServiceExtension.entitlements in Resources */,
				04569C1621124E6C0021FAE6 /* KonuklarCollectionViewCell.xib in Resources */,
				7D6027AF20E38C90008CC1CA /* YazilarCollectionViewCell.xib in Resources */,
				040E760D2111F2BB0074EED6 /* TarihCollectionViewCell.xib in Resources */,
				044B848F211105F30085441D /* GizlilikViewController.xib in Resources */,
				04CC73A9210294A300197E7E /* GundemCollectionViewCell.xib in Resources */,
				7DBC507520E62A2E0046EB9F /* VideolarCollectionViewCell.xib in Resources */,
				7D7172D720BBEDBF00EEA074 /* Assets.xcassets in Resources */,
				043452A6210377B1008EEC21 /* BildirimViewController.xib in Resources */,
				04D7B2102100844800E5F05A /* ViewController.xib in Resources */,
				04569C0A21124ABC0021FAE6 /* SoyleyisiCollectionViewCell.xib in Resources */,
				04CD18D4210120B100CB3897 /* FiksturViewController.xib in Resources */,
				7DBC507120E62A070046EB9F /* VideolarViewController.xib in Resources */,
			);
			runOnlyForDeploymentPostprocessing = 0;
		};
/* End PBXResourcesBuildPhase section */

/* Begin PBXShellScriptBuildPhase section */
		04569C1B211260510021FAE6 /* ShellScript */ = {
			isa = PBXShellScriptBuildPhase;
			buildActionMask = 2147483647;
			files = (
			);
			inputPaths = (
			);
			outputPaths = (
			);
			runOnlyForDeploymentPostprocessing = 0;
			shellPath = /bin/sh;
			shellScript = "\"${PODS_ROOT}/Fabric/run\" b3f60270af34599b6840d555a687bf171a49c416 e76381507503b6d1276807e66bb3432b94376836fbbe51a7026495fc24223264\n";
		};
		23DF9BD1979C2519428A388D /* [CP] Check Pods Manifest.lock */ = {
			isa = PBXShellScriptBuildPhase;
			buildActionMask = 2147483647;
			files = (
			);
			inputPaths = (
				"${PODS_PODFILE_DIR_PATH}/Podfile.lock",
				"${PODS_ROOT}/Manifest.lock",
			);
			name = "[CP] Check Pods Manifest.lock";
			outputPaths = (
				"$(DERIVED_FILE_DIR)/Pods-faiktribunu-checkManifestLockResult.txt",
			);
			runOnlyForDeploymentPostprocessing = 0;
			shellPath = /bin/sh;
			shellScript = "diff \"${PODS_PODFILE_DIR_PATH}/Podfile.lock\" \"${PODS_ROOT}/Manifest.lock\" > /dev/null\nif [ $? != 0 ] ; then\n    # print error to STDERR\n    echo \"error: The sandbox is not in sync with the Podfile.lock. Run 'pod install' or update your CocoaPods installation.\" >&2\n    exit 1\nfi\n# This output is used by Xcode 'outputs' to avoid re-running this script phase.\necho \"SUCCESS\" > \"${SCRIPT_OUTPUT_FILE_0}\"\n";
			showEnvVarsInLog = 0;
		};
		6D1FD235463613E7559CA7A7 /* [CP] Embed Pods Frameworks */ = {
			isa = PBXShellScriptBuildPhase;
			buildActionMask = 2147483647;
			files = (
			);
			inputPaths = (
				"${SRCROOT}/Pods/Target Support Files/Pods-faiktribunu/Pods-faiktribunu-frameworks.sh",
				"${BUILT_PRODUCTS_DIR}/Alamofire/Alamofire.framework",
				"${BUILT_PRODUCTS_DIR}/AlamofireObjectMapper/AlamofireObjectMapper.framework",
				"${BUILT_PRODUCTS_DIR}/NightNight/NightNight.framework",
				"${BUILT_PRODUCTS_DIR}/ObjectMapper/ObjectMapper.framework",
				"${BUILT_PRODUCTS_DIR}/ParallaxHeader/ParallaxHeader.framework",
				"${BUILT_PRODUCTS_DIR}/QuickTableViewController/QuickTableViewController.framework",
				"${BUILT_PRODUCTS_DIR}/SDWebImage/SDWebImage.framework",
				"${BUILT_PRODUCTS_DIR}/SVPullToRefresh/SVPullToRefresh.framework",
				"${BUILT_PRODUCTS_DIR}/ScrollableSegmentedControl/ScrollableSegmentedControl.framework",
				"${BUILT_PRODUCTS_DIR}/SnapKit/SnapKit.framework",
				"${BUILT_PRODUCTS_DIR}/SwiftyJSON/SwiftyJSON.framework",
			);
			name = "[CP] Embed Pods Frameworks";
			outputPaths = (
				"${TARGET_BUILD_DIR}/${FRAMEWORKS_FOLDER_PATH}/Alamofire.framework",
				"${TARGET_BUILD_DIR}/${FRAMEWORKS_FOLDER_PATH}/AlamofireObjectMapper.framework",
				"${TARGET_BUILD_DIR}/${FRAMEWORKS_FOLDER_PATH}/NightNight.framework",
				"${TARGET_BUILD_DIR}/${FRAMEWORKS_FOLDER_PATH}/ObjectMapper.framework",
				"${TARGET_BUILD_DIR}/${FRAMEWORKS_FOLDER_PATH}/ParallaxHeader.framework",
				"${TARGET_BUILD_DIR}/${FRAMEWORKS_FOLDER_PATH}/QuickTableViewController.framework",
				"${TARGET_BUILD_DIR}/${FRAMEWORKS_FOLDER_PATH}/SDWebImage.framework",
				"${TARGET_BUILD_DIR}/${FRAMEWORKS_FOLDER_PATH}/SVPullToRefresh.framework",
				"${TARGET_BUILD_DIR}/${FRAMEWORKS_FOLDER_PATH}/ScrollableSegmentedControl.framework",
				"${TARGET_BUILD_DIR}/${FRAMEWORKS_FOLDER_PATH}/SnapKit.framework",
				"${TARGET_BUILD_DIR}/${FRAMEWORKS_FOLDER_PATH}/SwiftyJSON.framework",
			);
			runOnlyForDeploymentPostprocessing = 0;
			shellPath = /bin/sh;
			shellScript = "\"${SRCROOT}/Pods/Target Support Files/Pods-faiktribunu/Pods-faiktribunu-frameworks.sh\"\n";
			showEnvVarsInLog = 0;
		};
		BA54458963B0674B37411990 /* [CP] Check Pods Manifest.lock */ = {
			isa = PBXShellScriptBuildPhase;
			buildActionMask = 2147483647;
			files = (
			);
			inputPaths = (
				"${PODS_PODFILE_DIR_PATH}/Podfile.lock",
				"${PODS_ROOT}/Manifest.lock",
			);
			name = "[CP] Check Pods Manifest.lock";
			outputPaths = (
				"$(DERIVED_FILE_DIR)/Pods-OneSignalNotificationServiceExtension-checkManifestLockResult.txt",
			);
			runOnlyForDeploymentPostprocessing = 0;
			shellPath = /bin/sh;
			shellScript = "diff \"${PODS_PODFILE_DIR_PATH}/Podfile.lock\" \"${PODS_ROOT}/Manifest.lock\" > /dev/null\nif [ $? != 0 ] ; then\n    # print error to STDERR\n    echo \"error: The sandbox is not in sync with the Podfile.lock. Run 'pod install' or update your CocoaPods installation.\" >&2\n    exit 1\nfi\n# This output is used by Xcode 'outputs' to avoid re-running this script phase.\necho \"SUCCESS\" > \"${SCRIPT_OUTPUT_FILE_0}\"\n";
			showEnvVarsInLog = 0;
		};
/* End PBXShellScriptBuildPhase section */

/* Begin PBXSourcesBuildPhase section */
		04B21C1021064E29007695DC /* Sources */ = {
			isa = PBXSourcesBuildPhase;
			buildActionMask = 2147483647;
			files = (
				04228CF52114DEAE008423B6 /* NotificationService.swift in Sources */,
			);
			runOnlyForDeploymentPostprocessing = 0;
		};
		04C1A8A521088EAF000C05C7 /* Sources */ = {
			isa = PBXSourcesBuildPhase;
			buildActionMask = 2147483647;
			files = (
				0444E62E21126306007A98AC /* faiktribunu.xcdatamodeld in Sources */,
			);
			runOnlyForDeploymentPostprocessing = 0;
		};
		7D7172C820BBEDBD00EEA074 /* Sources */ = {
			isa = PBXSourcesBuildPhase;
			buildActionMask = 2147483647;
			files = (
				7DBC507020E62A070046EB9F /* VideolarViewController.swift in Sources */,
				04CD18D3210120B100CB3897 /* FiksturViewController.swift in Sources */,
				7D14368720E949EF002C8D9E /* ResBase.swift in Sources */,
				7DEE4FAD20EA3F060099839B /* Content.swift in Sources */,
				7DBC507420E62A2E0046EB9F /* VideolarCollectionViewCell.swift in Sources */,
				04D7B21421008DD600E5F05A /* SplashViewController.swift in Sources */,
				043452A5210377B1008EEC21 /* BildirimViewController.swift in Sources */,
				040E76082111F2A40074EED6 /* TarihViewController.swift in Sources */,
				7D14368B20E94C33002C8D9E /* ResList.swift in Sources */,
				7D14367F20E90F6D002C8D9E /* Base.swift in Sources */,
				044B848E211105F30085441D /* GizlilikViewController.swift in Sources */,
				04CC73A8210294A300197E7E /* GundemCollectionViewCell.swift in Sources */,
				045184AE221F5EF700C21E5E /* Author.swift in Sources */,
				04CC739B210270E100197E7E /* Medium.swift in Sources */,
				7D6027A620E3741E008CC1CA /* BJKTVViewController.swift in Sources */,
				0447F3CE2113ACF200B4E79F /* YazilarViewController.swift in Sources */,
				040E760C2111F2BB0074EED6 /* TarihCollectionViewCell.swift in Sources */,
				7D14368520E91439002C8D9E /* Title.swift in Sources */,
				04CF4CA82222E7140092F761 /* BaseClass.swift in Sources */,
				0438D92D221E1EA800C437D6 /* Categories.swift in Sources */,
				04CC739D2102713300197E7E /* Source.swift in Sources */,
				04CF4CAB2222E7140092F761 /* CommentsContent.swift in Sources */,
				04E2CB9D2104D06E00E237AB /* DigerleriViewController.swift in Sources */,
				7D14368320E91117002C8D9E /* List.swift in Sources */,
				04CC73992102705E00197E7E /* Sizes.swift in Sources */,
				7D06B90720C6D07600C3C269 /* StaticVariables.swift in Sources */,
				7D14368D20E989D4002C8D9E /* DetayList.swift in Sources */,
				04172C222109E37C004DDF6A /* faiktribunu.xcdatamodeld in Sources */,
				043E393A2222FA78005A06F7 /* CommentsList.swift in Sources */,
				7D14368120E90FCD002C8D9E /* BaseItem.swift in Sources */,
				04569C1121124E590021FAE6 /* KonuklarViewController.swift in Sources */,
				04D1D58820FFBCAA00538AEF /* CustomTabBarController.swift in Sources */,
				7DBECAFC20BC44E100A4253C /* Extensions.swift in Sources */,
				04569C0921124ABC0021FAE6 /* SoyleyisiCollectionViewCell.swift in Sources */,
				04CC73A42102948600197E7E /* GundemViewController.swift in Sources */,
				7D7172D020BBEDBD00EEA074 /* AppDelegate.swift in Sources */,
				04CC739721026FB300197E7E /* BetterImage.swift in Sources */,
				7DBC507820E63D8C0046EB9F /* DetayViewController.swift in Sources */,
				04D7B20F2100844800E5F05A /* ViewController.swift in Sources */,
				04569C0D21124AD00021FAE6 /* SoyleyisiViewController.swift in Sources */,
				7D14368920E94A58002C8D9E /* Guid.swift in Sources */,
				7D6027AE20E38C90008CC1CA /* YazilarCollectionViewCell.swift in Sources */,
				0438D92F221E22F700C437D6 /* cList.swift in Sources */,
				04569C1521124E6C0021FAE6 /* KonuklarCollectionViewCell.swift in Sources */,
				043452AB21038085008EEC21 /* BildirimlerTableViewCell.swift in Sources */,
			);
			runOnlyForDeploymentPostprocessing = 0;
		};
/* End PBXSourcesBuildPhase section */

/* Begin PBXTargetDependency section */
		04B21C1A21064E29007695DC /* PBXTargetDependency */ = {
			isa = PBXTargetDependency;
			target = 04B21C1321064E29007695DC /* OneSignalNotificationServiceExtension */;
			targetProxy = 04B21C1921064E29007695DC /* PBXContainerItemProxy */;
		};
/* End PBXTargetDependency section */

/* Begin PBXVariantGroup section */
		7D7172D820BBEDBF00EEA074 /* LaunchScreen.storyboard */ = {
			isa = PBXVariantGroup;
			children = (
				7D7172D920BBEDBF00EEA074 /* Base */,
				04CC739521023CE700197E7E /* en */,
			);
			name = LaunchScreen.storyboard;
			sourceTree = "<group>";
		};
/* End PBXVariantGroup section */

/* Begin XCBuildConfiguration section */
		04B21C1D21064E29007695DC /* Debug */ = {
			isa = XCBuildConfiguration;
			baseConfigurationReference = 807A186C0066662846B6660D /* Pods-OneSignalNotificationServiceExtension.debug.xcconfig */;
			buildSettings = {
				CODE_SIGN_ENTITLEMENTS = OneSignalNotificationServiceExtension/OneSignalNotificationServiceExtension.entitlements;
				CODE_SIGN_STYLE = Automatic;
				DEVELOPMENT_TEAM = 24G3237JT8;
				ENABLE_BITCODE = NO;
				INFOPLIST_FILE = OneSignalNotificationServiceExtension/Info.plist;
				IPHONEOS_DEPLOYMENT_TARGET = 10.0;
				LD_RUNPATH_SEARCH_PATHS = (
					"$(inherited)",
					"@executable_path/Frameworks",
					"@executable_path/../../Frameworks",
				);
				MTL_ENABLE_DEBUG_INFO = INCLUDE_SOURCE;
				MTL_FAST_MATH = YES;
				PRODUCT_BUNDLE_IDENTIFIER = com.labters.faiktribunu.OneSignalNotificationServiceExtension;
				PRODUCT_NAME = "$(TARGET_NAME)";
				SKIP_INSTALL = YES;
				SWIFT_VERSION = 4.2;
				TARGETED_DEVICE_FAMILY = "1,2";
			};
			name = Debug;
		};
		04B21C1E21064E29007695DC /* Release */ = {
			isa = XCBuildConfiguration;
			baseConfigurationReference = FF2E5C83CAB4D2E646C20A38 /* Pods-OneSignalNotificationServiceExtension.release.xcconfig */;
			buildSettings = {
				CODE_SIGN_ENTITLEMENTS = OneSignalNotificationServiceExtension/OneSignalNotificationServiceExtension.entitlements;
				CODE_SIGN_STYLE = Automatic;
				DEVELOPMENT_TEAM = 24G3237JT8;
				ENABLE_BITCODE = NO;
				INFOPLIST_FILE = OneSignalNotificationServiceExtension/Info.plist;
				IPHONEOS_DEPLOYMENT_TARGET = 10.0;
				LD_RUNPATH_SEARCH_PATHS = (
					"$(inherited)",
					"@executable_path/Frameworks",
					"@executable_path/../../Frameworks",
				);
				MTL_FAST_MATH = YES;
				PRODUCT_BUNDLE_IDENTIFIER = com.labters.faiktribunu.OneSignalNotificationServiceExtension;
				PRODUCT_NAME = "$(TARGET_NAME)";
				SKIP_INSTALL = YES;
				SWIFT_VERSION = 4.2;
				TARGETED_DEVICE_FAMILY = "1,2";
			};
			name = Release;
		};
		04C1A8B121088EAF000C05C7 /* Debug */ = {
			isa = XCBuildConfiguration;
			buildSettings = {
				CODE_SIGN_STYLE = Automatic;
				DEVELOPMENT_TEAM = 24G3237JT8;
				ENABLE_BITCODE = NO;
				INFOPLIST_FILE = NotificationService/Info.plist;
				IPHONEOS_DEPLOYMENT_TARGET = 10.0;
				LD_RUNPATH_SEARCH_PATHS = (
					"$(inherited)",
					"@executable_path/Frameworks",
					"@executable_path/../../Frameworks",
				);
				MTL_ENABLE_DEBUG_INFO = INCLUDE_SOURCE;
				MTL_FAST_MATH = YES;
				PRODUCT_BUNDLE_IDENTIFIER = com.labters.faiktribunu.NotificationService;
				PRODUCT_NAME = "$(TARGET_NAME)";
				SKIP_INSTALL = YES;
				SWIFT_VERSION = 4.0;
				TARGETED_DEVICE_FAMILY = "1,2";
			};
			name = Debug;
		};
		04C1A8B221088EAF000C05C7 /* Release */ = {
			isa = XCBuildConfiguration;
			buildSettings = {
				CODE_SIGN_STYLE = Automatic;
				DEVELOPMENT_TEAM = 24G3237JT8;
				ENABLE_BITCODE = NO;
				INFOPLIST_FILE = NotificationService/Info.plist;
				IPHONEOS_DEPLOYMENT_TARGET = 10.0;
				LD_RUNPATH_SEARCH_PATHS = (
					"$(inherited)",
					"@executable_path/Frameworks",
					"@executable_path/../../Frameworks",
				);
				MTL_FAST_MATH = YES;
				PRODUCT_BUNDLE_IDENTIFIER = com.labters.faiktribunu.NotificationService;
				PRODUCT_NAME = "$(TARGET_NAME)";
				SKIP_INSTALL = YES;
				SWIFT_VERSION = 4.0;
				TARGETED_DEVICE_FAMILY = "1,2";
			};
			name = Release;
		};
		7D7172DC20BBEDBF00EEA074 /* Debug */ = {
			isa = XCBuildConfiguration;
			buildSettings = {
				ALWAYS_SEARCH_USER_PATHS = NO;
				CLANG_ANALYZER_NONNULL = YES;
				CLANG_ANALYZER_NUMBER_OBJECT_CONVERSION = YES_AGGRESSIVE;
				CLANG_CXX_LANGUAGE_STANDARD = "gnu++14";
				CLANG_CXX_LIBRARY = "libc++";
				CLANG_ENABLE_MODULES = YES;
				CLANG_ENABLE_OBJC_ARC = YES;
				CLANG_ENABLE_OBJC_WEAK = YES;
				CLANG_WARN_BLOCK_CAPTURE_AUTORELEASING = YES;
				CLANG_WARN_BOOL_CONVERSION = YES;
				CLANG_WARN_COMMA = YES;
				CLANG_WARN_CONSTANT_CONVERSION = YES;
				CLANG_WARN_DEPRECATED_OBJC_IMPLEMENTATIONS = YES;
				CLANG_WARN_DIRECT_OBJC_ISA_USAGE = YES_ERROR;
				CLANG_WARN_DOCUMENTATION_COMMENTS = YES;
				CLANG_WARN_EMPTY_BODY = YES;
				CLANG_WARN_ENUM_CONVERSION = YES;
				CLANG_WARN_INFINITE_RECURSION = YES;
				CLANG_WARN_INT_CONVERSION = YES;
				CLANG_WARN_NON_LITERAL_NULL_CONVERSION = YES;
				CLANG_WARN_OBJC_IMPLICIT_RETAIN_SELF = YES;
				CLANG_WARN_OBJC_LITERAL_CONVERSION = YES;
				CLANG_WARN_OBJC_ROOT_CLASS = YES_ERROR;
				CLANG_WARN_RANGE_LOOP_ANALYSIS = YES;
				CLANG_WARN_STRICT_PROTOTYPES = YES;
				CLANG_WARN_SUSPICIOUS_MOVE = YES;
				CLANG_WARN_UNGUARDED_AVAILABILITY = YES_AGGRESSIVE;
				CLANG_WARN_UNREACHABLE_CODE = YES;
				CLANG_WARN__DUPLICATE_METHOD_MATCH = YES;
				CODE_SIGN_IDENTITY = "iPhone Developer";
				COPY_PHASE_STRIP = NO;
				DEBUG_INFORMATION_FORMAT = dwarf;
				ENABLE_STRICT_OBJC_MSGSEND = YES;
				ENABLE_TESTABILITY = YES;
				GCC_C_LANGUAGE_STANDARD = gnu11;
				GCC_DYNAMIC_NO_PIC = NO;
				GCC_NO_COMMON_BLOCKS = YES;
				GCC_OPTIMIZATION_LEVEL = 0;
				GCC_PREPROCESSOR_DEFINITIONS = (
					"DEBUG=1",
					"$(inherited)",
				);
				GCC_WARN_64_TO_32_BIT_CONVERSION = YES;
				GCC_WARN_ABOUT_RETURN_TYPE = YES_ERROR;
				GCC_WARN_UNDECLARED_SELECTOR = YES;
				GCC_WARN_UNINITIALIZED_AUTOS = YES_AGGRESSIVE;
				GCC_WARN_UNUSED_FUNCTION = YES;
				GCC_WARN_UNUSED_VARIABLE = YES;
				IPHONEOS_DEPLOYMENT_TARGET = 11.0;
				MTL_ENABLE_DEBUG_INFO = YES;
				ONLY_ACTIVE_ARCH = YES;
				SDKROOT = iphoneos;
				SWIFT_ACTIVE_COMPILATION_CONDITIONS = DEBUG;
				SWIFT_OPTIMIZATION_LEVEL = "-Onone";
			};
			name = Debug;
		};
		7D7172DD20BBEDBF00EEA074 /* Release */ = {
			isa = XCBuildConfiguration;
			buildSettings = {
				ALWAYS_SEARCH_USER_PATHS = NO;
				CLANG_ANALYZER_NONNULL = YES;
				CLANG_ANALYZER_NUMBER_OBJECT_CONVERSION = YES_AGGRESSIVE;
				CLANG_CXX_LANGUAGE_STANDARD = "gnu++14";
				CLANG_CXX_LIBRARY = "libc++";
				CLANG_ENABLE_MODULES = YES;
				CLANG_ENABLE_OBJC_ARC = YES;
				CLANG_ENABLE_OBJC_WEAK = YES;
				CLANG_WARN_BLOCK_CAPTURE_AUTORELEASING = YES;
				CLANG_WARN_BOOL_CONVERSION = YES;
				CLANG_WARN_COMMA = YES;
				CLANG_WARN_CONSTANT_CONVERSION = YES;
				CLANG_WARN_DEPRECATED_OBJC_IMPLEMENTATIONS = YES;
				CLANG_WARN_DIRECT_OBJC_ISA_USAGE = YES_ERROR;
				CLANG_WARN_DOCUMENTATION_COMMENTS = YES;
				CLANG_WARN_EMPTY_BODY = YES;
				CLANG_WARN_ENUM_CONVERSION = YES;
				CLANG_WARN_INFINITE_RECURSION = YES;
				CLANG_WARN_INT_CONVERSION = YES;
				CLANG_WARN_NON_LITERAL_NULL_CONVERSION = YES;
				CLANG_WARN_OBJC_IMPLICIT_RETAIN_SELF = YES;
				CLANG_WARN_OBJC_LITERAL_CONVERSION = YES;
				CLANG_WARN_OBJC_ROOT_CLASS = YES_ERROR;
				CLANG_WARN_RANGE_LOOP_ANALYSIS = YES;
				CLANG_WARN_STRICT_PROTOTYPES = YES;
				CLANG_WARN_SUSPICIOUS_MOVE = YES;
				CLANG_WARN_UNGUARDED_AVAILABILITY = YES_AGGRESSIVE;
				CLANG_WARN_UNREACHABLE_CODE = YES;
				CLANG_WARN__DUPLICATE_METHOD_MATCH = YES;
				CODE_SIGN_IDENTITY = "iPhone Developer";
				COPY_PHASE_STRIP = NO;
				DEBUG_INFORMATION_FORMAT = "dwarf-with-dsym";
				ENABLE_NS_ASSERTIONS = NO;
				ENABLE_STRICT_OBJC_MSGSEND = YES;
				GCC_C_LANGUAGE_STANDARD = gnu11;
				GCC_NO_COMMON_BLOCKS = YES;
				GCC_WARN_64_TO_32_BIT_CONVERSION = YES;
				GCC_WARN_ABOUT_RETURN_TYPE = YES_ERROR;
				GCC_WARN_UNDECLARED_SELECTOR = YES;
				GCC_WARN_UNINITIALIZED_AUTOS = YES_AGGRESSIVE;
				GCC_WARN_UNUSED_FUNCTION = YES;
				GCC_WARN_UNUSED_VARIABLE = YES;
				IPHONEOS_DEPLOYMENT_TARGET = 11.0;
				MTL_ENABLE_DEBUG_INFO = NO;
				SDKROOT = iphoneos;
				SWIFT_COMPILATION_MODE = wholemodule;
				SWIFT_OPTIMIZATION_LEVEL = "-O";
				VALIDATE_PRODUCT = YES;
			};
			name = Release;
		};
		7D7172DF20BBEDBF00EEA074 /* Debug */ = {
			isa = XCBuildConfiguration;
			baseConfigurationReference = B557EBFAD21F21E3C5897E4B /* Pods-faiktribunu.debug.xcconfig */;
			buildSettings = {
				ALWAYS_EMBED_SWIFT_STANDARD_LIBRARIES = YES;
				ASSETCATALOG_COMPILER_APPICON_NAME = AppIcon;
				CODE_SIGN_ENTITLEMENTS = faiktribunu/faiktribunu.entitlements;
				CODE_SIGN_STYLE = Automatic;
				DEBUG_INFORMATION_FORMAT = "dwarf-with-dsym";
				DEVELOPMENT_TEAM = 24G3237JT8;
				ENABLE_BITCODE = NO;
				ENABLE_TESTABILITY = YES;
				GCC_NO_COMMON_BLOCKS = YES;
				INFOPLIST_FILE = faiktribunu/Info.plist;
				IPHONEOS_DEPLOYMENT_TARGET = 10.0;
				LD_RUNPATH_SEARCH_PATHS = (
					"$(inherited)",
					"@executable_path/Frameworks",
				);
				PRODUCT_BUNDLE_IDENTIFIER = com.labters.faiktribunu;
				PRODUCT_NAME = "$(TARGET_NAME)";
				SWIFT_COMPILATION_MODE = singlefile;
				SWIFT_VERSION = 4.2;
				TARGETED_DEVICE_FAMILY = "1,2";
				VALID_ARCHS = "armv7 armv7s arm64";
			};
			name = Debug;
		};
		7D7172E020BBEDBF00EEA074 /* Release */ = {
			isa = XCBuildConfiguration;
			baseConfigurationReference = F80A59D8AE459DE24BB840EF /* Pods-faiktribunu.release.xcconfig */;
			buildSettings = {
				ALWAYS_EMBED_SWIFT_STANDARD_LIBRARIES = YES;
				ASSETCATALOG_COMPILER_APPICON_NAME = AppIcon;
				CODE_SIGN_ENTITLEMENTS = faiktribunu/faiktribunu.entitlements;
				CODE_SIGN_STYLE = Automatic;
				DEBUG_INFORMATION_FORMAT = "dwarf-with-dsym";
				DEVELOPMENT_TEAM = 24G3237JT8;
				ENABLE_BITCODE = NO;
				ENABLE_TESTABILITY = NO;
				GCC_NO_COMMON_BLOCKS = YES;
				INFOPLIST_FILE = faiktribunu/Info.plist;
				IPHONEOS_DEPLOYMENT_TARGET = 10.0;
				LD_RUNPATH_SEARCH_PATHS = (
					"$(inherited)",
					"@executable_path/Frameworks",
				);
				PRODUCT_BUNDLE_IDENTIFIER = com.labters.faiktribunu;
				PRODUCT_NAME = "$(TARGET_NAME)";
				SWIFT_VERSION = 4.2;
				TARGETED_DEVICE_FAMILY = "1,2";
				VALID_ARCHS = "armv7 armv7s arm64";
			};
			name = Release;
		};
/* End XCBuildConfiguration section */

/* Begin XCConfigurationList section */
		04B21C1C21064E29007695DC /* Build configuration list for PBXNativeTarget "OneSignalNotificationServiceExtension" */ = {
			isa = XCConfigurationList;
			buildConfigurations = (
				04B21C1D21064E29007695DC /* Debug */,
				04B21C1E21064E29007695DC /* Release */,
			);
			defaultConfigurationIsVisible = 0;
			defaultConfigurationName = Release;
		};
		04C1A8B321088EAF000C05C7 /* Build configuration list for PBXNativeTarget "NotificationService" */ = {
			isa = XCConfigurationList;
			buildConfigurations = (
				04C1A8B121088EAF000C05C7 /* Debug */,
				04C1A8B221088EAF000C05C7 /* Release */,
			);
			defaultConfigurationIsVisible = 0;
			defaultConfigurationName = Release;
		};
		7D7172C720BBEDBD00EEA074 /* Build configuration list for PBXProject "faiktribunu" */ = {
			isa = XCConfigurationList;
			buildConfigurations = (
				7D7172DC20BBEDBF00EEA074 /* Debug */,
				7D7172DD20BBEDBF00EEA074 /* Release */,
			);
			defaultConfigurationIsVisible = 0;
			defaultConfigurationName = Release;
		};
		7D7172DE20BBEDBF00EEA074 /* Build configuration list for PBXNativeTarget "faiktribunu" */ = {
			isa = XCConfigurationList;
			buildConfigurations = (
				7D7172DF20BBEDBF00EEA074 /* Debug */,
				7D7172E020BBEDBF00EEA074 /* Release */,
			);
			defaultConfigurationIsVisible = 0;
			defaultConfigurationName = Release;
		};
/* End XCConfigurationList section */

/* Begin XCVersionGroup section */
		04172C202109E37C004DDF6A /* faiktribunu.xcdatamodeld */ = {
			isa = XCVersionGroup;
			children = (
				04172C212109E37C004DDF6A /* faiktribunu.xcdatamodel */,
			);
			currentVersion = 04172C212109E37C004DDF6A /* faiktribunu.xcdatamodel */;
			path = faiktribunu.xcdatamodeld;
			sourceTree = "<group>";
			versionGroupType = wrapper.xcdatamodel;
		};
/* End XCVersionGroup section */
	};
	rootObject = 7D7172C420BBEDBD00EEA074 /* Project object */;
}
