// !$*UTF8*$!
{
	archiveVersion = 1;
	classes = {
	};
	objectVersion = 50;
	objects = {

/* Begin PBXBuildFile section */
		7D06B90720C6D07600C3C269 /* StaticVariables.swift in Sources */ = {isa = PBXBuildFile; fileRef = 7D06B90620C6D07600C3C269 /* StaticVariables.swift */; };
		7D6027A620E3741E008CC1CA /* BJKTVViewController.swift in Sources */ = {isa = PBXBuildFile; fileRef = 7D6027A420E3741E008CC1CA /* BJKTVViewController.swift */; };
		7D6027A720E3741E008CC1CA /* BJKTVViewController.xib in Resources */ = {isa = PBXBuildFile; fileRef = 7D6027A520E3741E008CC1CA /* BJKTVViewController.xib */; };
		7D6027AE20E38C90008CC1CA /* YazilarCollectionViewCell.swift in Sources */ = {isa = PBXBuildFile; fileRef = 7D6027AC20E38C90008CC1CA /* YazilarCollectionViewCell.swift */; };
		7D6027AF20E38C90008CC1CA /* YazilarCollectionViewCell.xib in Resources */ = {isa = PBXBuildFile; fileRef = 7D6027AD20E38C90008CC1CA /* YazilarCollectionViewCell.xib */; };
		7D7172D020BBEDBD00EEA074 /* AppDelegate.swift in Sources */ = {isa = PBXBuildFile; fileRef = 7D7172CF20BBEDBD00EEA074 /* AppDelegate.swift */; };
		7D7172D220BBEDBD00EEA074 /* ViewController.swift in Sources */ = {isa = PBXBuildFile; fileRef = 7D7172D120BBEDBD00EEA074 /* ViewController.swift */; };
		7D7172D520BBEDBD00EEA074 /* Main.storyboard in Resources */ = {isa = PBXBuildFile; fileRef = 7D7172D320BBEDBD00EEA074 /* Main.storyboard */; };
		7D7172D720BBEDBF00EEA074 /* Assets.xcassets in Resources */ = {isa = PBXBuildFile; fileRef = 7D7172D620BBEDBF00EEA074 /* Assets.xcassets */; };
		7D7172DA20BBEDBF00EEA074 /* LaunchScreen.storyboard in Resources */ = {isa = PBXBuildFile; fileRef = 7D7172D820BBEDBF00EEA074 /* LaunchScreen.storyboard */; };
		7D78FAF820C13E9A00314EA2 /* Yazilar.swift in Sources */ = {isa = PBXBuildFile; fileRef = 7D78FAF720C13E9A00314EA2 /* Yazilar.swift */; };
		7D9DA3AA20C584EC009A5BA1 /* CollectionViewCell.swift in Sources */ = {isa = PBXBuildFile; fileRef = 7D9DA3A920C584EC009A5BA1 /* CollectionViewCell.swift */; };
		7DBC507020E62A070046EB9F /* VideolarViewController.swift in Sources */ = {isa = PBXBuildFile; fileRef = 7DBC506E20E62A070046EB9F /* VideolarViewController.swift */; };
		7DBC507120E62A070046EB9F /* VideolarViewController.xib in Resources */ = {isa = PBXBuildFile; fileRef = 7DBC506F20E62A070046EB9F /* VideolarViewController.xib */; };
		7DBC507420E62A2E0046EB9F /* VideolarCollectionViewCell.swift in Sources */ = {isa = PBXBuildFile; fileRef = 7DBC507220E62A2E0046EB9F /* VideolarCollectionViewCell.swift */; };
		7DBC507520E62A2E0046EB9F /* VideolarCollectionViewCell.xib in Resources */ = {isa = PBXBuildFile; fileRef = 7DBC507320E62A2E0046EB9F /* VideolarCollectionViewCell.xib */; };
		7DBC507820E63D8C0046EB9F /* DetayViewController.swift in Sources */ = {isa = PBXBuildFile; fileRef = 7DBC507620E63D8C0046EB9F /* DetayViewController.swift */; };
		7DBC507920E63D8C0046EB9F /* DetayViewController.xib in Resources */ = {isa = PBXBuildFile; fileRef = 7DBC507720E63D8C0046EB9F /* DetayViewController.xib */; };
		7DBECAFC20BC44E100A4253C /* Extensions.swift in Sources */ = {isa = PBXBuildFile; fileRef = 7DBECAFB20BC44E100A4253C /* Extensions.swift */; };
		7DFE381320E512D80003E517 /* YazilarViewController.swift in Sources */ = {isa = PBXBuildFile; fileRef = 7DFE381120E512D80003E517 /* YazilarViewController.swift */; };
		7DFE381420E512D80003E517 /* YazilarViewController.xib in Resources */ = {isa = PBXBuildFile; fileRef = 7DFE381220E512D80003E517 /* YazilarViewController.xib */; };
		B17C46DBE595DDAF19284316 /* Pods_faiktribunu.framework in Frameworks */ = {isa = PBXBuildFile; fileRef = C4438E2063C9F38E306755B6 /* Pods_faiktribunu.framework */; };
/* End PBXBuildFile section */

/* Begin PBXFileReference section */
		7D06B90620C6D07600C3C269 /* StaticVariables.swift */ = {isa = PBXFileReference; lastKnownFileType = sourcecode.swift; path = StaticVariables.swift; sourceTree = "<group>"; };
		7D6027A420E3741E008CC1CA /* BJKTVViewController.swift */ = {isa = PBXFileReference; lastKnownFileType = sourcecode.swift; path = BJKTVViewController.swift; sourceTree = "<group>"; };
		7D6027A520E3741E008CC1CA /* BJKTVViewController.xib */ = {isa = PBXFileReference; lastKnownFileType = file.xib; path = BJKTVViewController.xib; sourceTree = "<group>"; };
		7D6027AC20E38C90008CC1CA /* YazilarCollectionViewCell.swift */ = {isa = PBXFileReference; lastKnownFileType = sourcecode.swift; path = YazilarCollectionViewCell.swift; sourceTree = "<group>"; };
		7D6027AD20E38C90008CC1CA /* YazilarCollectionViewCell.xib */ = {isa = PBXFileReference; lastKnownFileType = file.xib; path = YazilarCollectionViewCell.xib; sourceTree = "<group>"; };
		7D7172CC20BBEDBD00EEA074 /* faiktribunu.app */ = {isa = PBXFileReference; explicitFileType = wrapper.application; includeInIndex = 0; path = faiktribunu.app; sourceTree = BUILT_PRODUCTS_DIR; };
		7D7172CF20BBEDBD00EEA074 /* AppDelegate.swift */ = {isa = PBXFileReference; lastKnownFileType = sourcecode.swift; path = AppDelegate.swift; sourceTree = "<group>"; };
		7D7172D120BBEDBD00EEA074 /* ViewController.swift */ = {isa = PBXFileReference; lastKnownFileType = sourcecode.swift; path = ViewController.swift; sourceTree = "<group>"; };
		7D7172D420BBEDBD00EEA074 /* Base */ = {isa = PBXFileReference; lastKnownFileType = file.storyboard; name = Base; path = Base.lproj/Main.storyboard; sourceTree = "<group>"; };
		7D7172D620BBEDBF00EEA074 /* Assets.xcassets */ = {isa = PBXFileReference; lastKnownFileType = folder.assetcatalog; path = Assets.xcassets; sourceTree = "<group>"; };
		7D7172D920BBEDBF00EEA074 /* Base */ = {isa = PBXFileReference; lastKnownFileType = file.storyboard; name = Base; path = Base.lproj/LaunchScreen.storyboard; sourceTree = "<group>"; };
		7D7172DB20BBEDBF00EEA074 /* Info.plist */ = {isa = PBXFileReference; lastKnownFileType = text.plist.xml; path = Info.plist; sourceTree = "<group>"; };
		7D78FAF720C13E9A00314EA2 /* Yazilar.swift */ = {isa = PBXFileReference; lastKnownFileType = sourcecode.swift; path = Yazilar.swift; sourceTree = "<group>"; };
		7D9DA3A920C584EC009A5BA1 /* CollectionViewCell.swift */ = {isa = PBXFileReference; lastKnownFileType = sourcecode.swift; path = CollectionViewCell.swift; sourceTree = "<group>"; };
		7DBC506E20E62A070046EB9F /* VideolarViewController.swift */ = {isa = PBXFileReference; lastKnownFileType = sourcecode.swift; path = VideolarViewController.swift; sourceTree = "<group>"; };
		7DBC506F20E62A070046EB9F /* VideolarViewController.xib */ = {isa = PBXFileReference; lastKnownFileType = file.xib; path = VideolarViewController.xib; sourceTree = "<group>"; };
		7DBC507220E62A2E0046EB9F /* VideolarCollectionViewCell.swift */ = {isa = PBXFileReference; lastKnownFileType = sourcecode.swift; path = VideolarCollectionViewCell.swift; sourceTree = "<group>"; };
		7DBC507320E62A2E0046EB9F /* VideolarCollectionViewCell.xib */ = {isa = PBXFileReference; lastKnownFileType = file.xib; path = VideolarCollectionViewCell.xib; sourceTree = "<group>"; };
		7DBC507620E63D8C0046EB9F /* DetayViewController.swift */ = {isa = PBXFileReference; lastKnownFileType = sourcecode.swift; path = DetayViewController.swift; sourceTree = "<group>"; };
		7DBC507720E63D8C0046EB9F /* DetayViewController.xib */ = {isa = PBXFileReference; lastKnownFileType = file.xib; path = DetayViewController.xib; sourceTree = "<group>"; };
		7DBECAFB20BC44E100A4253C /* Extensions.swift */ = {isa = PBXFileReference; lastKnownFileType = sourcecode.swift; path = Extensions.swift; sourceTree = "<group>"; };
		7DFE381120E512D80003E517 /* YazilarViewController.swift */ = {isa = PBXFileReference; lastKnownFileType = sourcecode.swift; path = YazilarViewController.swift; sourceTree = "<group>"; };
		7DFE381220E512D80003E517 /* YazilarViewController.xib */ = {isa = PBXFileReference; lastKnownFileType = file.xib; path = YazilarViewController.xib; sourceTree = "<group>"; };
		B557EBFAD21F21E3C5897E4B /* Pods-faiktribunu.debug.xcconfig */ = {isa = PBXFileReference; includeInIndex = 1; lastKnownFileType = text.xcconfig; name = "Pods-faiktribunu.debug.xcconfig"; path = "Pods/Target Support Files/Pods-faiktribunu/Pods-faiktribunu.debug.xcconfig"; sourceTree = "<group>"; };
		C4438E2063C9F38E306755B6 /* Pods_faiktribunu.framework */ = {isa = PBXFileReference; explicitFileType = wrapper.framework; includeInIndex = 0; path = Pods_faiktribunu.framework; sourceTree = BUILT_PRODUCTS_DIR; };
		F80A59D8AE459DE24BB840EF /* Pods-faiktribunu.release.xcconfig */ = {isa = PBXFileReference; includeInIndex = 1; lastKnownFileType = text.xcconfig; name = "Pods-faiktribunu.release.xcconfig"; path = "Pods/Target Support Files/Pods-faiktribunu/Pods-faiktribunu.release.xcconfig"; sourceTree = "<group>"; };
/* End PBXFileReference section */

/* Begin PBXFrameworksBuildPhase section */
		7D7172C920BBEDBD00EEA074 /* Frameworks */ = {
			isa = PBXFrameworksBuildPhase;
			buildActionMask = 2147483647;
			files = (
				B17C46DBE595DDAF19284316 /* Pods_faiktribunu.framework in Frameworks */,
			);
			runOnlyForDeploymentPostprocessing = 0;
		};
/* End PBXFrameworksBuildPhase section */

/* Begin PBXGroup section */
		018DD4A2FC46C7BD3B0CA247 /* Frameworks */ = {
			isa = PBXGroup;
			children = (
				C4438E2063C9F38E306755B6 /* Pods_faiktribunu.framework */,
			);
			name = Frameworks;
			sourceTree = "<group>";
		};
		7D7172C320BBEDBD00EEA074 = {
			isa = PBXGroup;
			children = (
				7D7172CE20BBEDBD00EEA074 /* faiktribunu */,
				7D7172CD20BBEDBD00EEA074 /* Products */,
				B28BEECC3F6444ABB6008A70 /* Pods */,
				018DD4A2FC46C7BD3B0CA247 /* Frameworks */,
			);
			sourceTree = "<group>";
		};
		7D7172CD20BBEDBD00EEA074 /* Products */ = {
			isa = PBXGroup;
			children = (
				7D7172CC20BBEDBD00EEA074 /* faiktribunu.app */,
			);
			name = Products;
			sourceTree = "<group>";
		};
		7D7172CE20BBEDBD00EEA074 /* faiktribunu */ = {
			isa = PBXGroup;
			children = (
				7DFE381020E512530003E517 /* Tablar */,
				7D7172CF20BBEDBD00EEA074 /* AppDelegate.swift */,
				7D7172D120BBEDBD00EEA074 /* ViewController.swift */,
				7D7172D320BBEDBD00EEA074 /* Main.storyboard */,
				7D9DA3A920C584EC009A5BA1 /* CollectionViewCell.swift */,
				7D7172D620BBEDBF00EEA074 /* Assets.xcassets */,
				7D7172DB20BBEDBF00EEA074 /* Info.plist */,
				7DBECAFB20BC44E100A4253C /* Extensions.swift */,
				7D78FAF720C13E9A00314EA2 /* Yazilar.swift */,
				7DBC507620E63D8C0046EB9F /* DetayViewController.swift */,
				7DBC507720E63D8C0046EB9F /* DetayViewController.xib */,
				7D7172D820BBEDBF00EEA074 /* LaunchScreen.storyboard */,
				7D06B90620C6D07600C3C269 /* StaticVariables.swift */,
				7D6027A420E3741E008CC1CA /* BJKTVViewController.swift */,
				7D6027A520E3741E008CC1CA /* BJKTVViewController.xib */,
			);
			path = faiktribunu;
			sourceTree = "<group>";
		};
		7DBC506C20E625FA0046EB9F /* YAZILAR */ = {
			isa = PBXGroup;
			children = (
				7DFE381120E512D80003E517 /* YazilarViewController.swift */,
				7DFE381220E512D80003E517 /* YazilarViewController.xib */,
				7D6027AC20E38C90008CC1CA /* YazilarCollectionViewCell.swift */,
				7D6027AD20E38C90008CC1CA /* YazilarCollectionViewCell.xib */,
			);
			path = YAZILAR;
			sourceTree = "<group>";
		};
		7DBC506D20E629CF0046EB9F /* VIDEOLAR */ = {
			isa = PBXGroup;
			children = (
				7DBC506E20E62A070046EB9F /* VideolarViewController.swift */,
				7DBC506F20E62A070046EB9F /* VideolarViewController.xib */,
				7DBC507220E62A2E0046EB9F /* VideolarCollectionViewCell.swift */,
				7DBC507320E62A2E0046EB9F /* VideolarCollectionViewCell.xib */,
			);
			path = VIDEOLAR;
			sourceTree = "<group>";
		};
		7DFE381020E512530003E517 /* Tablar */ = {
			isa = PBXGroup;
			children = (
				7DBC506D20E629CF0046EB9F /* VIDEOLAR */,
				7DBC506C20E625FA0046EB9F /* YAZILAR */,
			);
			path = Tablar;
			sourceTree = "<group>";
		};
		B28BEECC3F6444ABB6008A70 /* Pods */ = {
			isa = PBXGroup;
			children = (
				B557EBFAD21F21E3C5897E4B /* Pods-faiktribunu.debug.xcconfig */,
				F80A59D8AE459DE24BB840EF /* Pods-faiktribunu.release.xcconfig */,
			);
			name = Pods;
			sourceTree = "<group>";
		};
/* End PBXGroup section */

/* Begin PBXNativeTarget section */
		7D7172CB20BBEDBD00EEA074 /* faiktribunu */ = {
			isa = PBXNativeTarget;
			buildConfigurationList = 7D7172DE20BBEDBF00EEA074 /* Build configuration list for PBXNativeTarget "faiktribunu" */;
			buildPhases = (
				23DF9BD1979C2519428A388D /* [CP] Check Pods Manifest.lock */,
				7D7172C820BBEDBD00EEA074 /* Sources */,
				7D7172C920BBEDBD00EEA074 /* Frameworks */,
				7D7172CA20BBEDBD00EEA074 /* Resources */,
				1E841A60FF92B8F41D5A79AE /* [CP] Embed Pods Frameworks */,
			);
			buildRules = (
			);
			dependencies = (
			);
			name = faiktribunu;
			productName = faiktribunu;
			productReference = 7D7172CC20BBEDBD00EEA074 /* faiktribunu.app */;
			productType = "com.apple.product-type.application";
		};
/* End PBXNativeTarget section */

/* Begin PBXProject section */
		7D7172C420BBEDBD00EEA074 /* Project object */ = {
			isa = PBXProject;
			attributes = {
				LastSwiftUpdateCheck = 0930;
				LastUpgradeCheck = 0930;
				ORGANIZATIONNAME = "Halil İbrahim YÜCE";
				TargetAttributes = {
					7D7172CB20BBEDBD00EEA074 = {
						CreatedOnToolsVersion = 9.3.1;
					};
				};
			};
			buildConfigurationList = 7D7172C720BBEDBD00EEA074 /* Build configuration list for PBXProject "faiktribunu" */;
			compatibilityVersion = "Xcode 9.3";
			developmentRegion = en;
			hasScannedForEncodings = 0;
			knownRegions = (
				en,
				Base,
			);
			mainGroup = 7D7172C320BBEDBD00EEA074;
			productRefGroup = 7D7172CD20BBEDBD00EEA074 /* Products */;
			projectDirPath = "";
			projectRoot = "";
			targets = (
				7D7172CB20BBEDBD00EEA074 /* faiktribunu */,
			);
		};
/* End PBXProject section */

/* Begin PBXResourcesBuildPhase section */
		7D7172CA20BBEDBD00EEA074 /* Resources */ = {
			isa = PBXResourcesBuildPhase;
			buildActionMask = 2147483647;
			files = (
				7DBC507920E63D8C0046EB9F /* DetayViewController.xib in Resources */,
				7D7172DA20BBEDBF00EEA074 /* LaunchScreen.storyboard in Resources */,
				7DFE381420E512D80003E517 /* YazilarViewController.xib in Resources */,
				7D6027A720E3741E008CC1CA /* BJKTVViewController.xib in Resources */,
				7D6027AF20E38C90008CC1CA /* YazilarCollectionViewCell.xib in Resources */,
				7DBC507520E62A2E0046EB9F /* VideolarCollectionViewCell.xib in Resources */,
				7D7172D720BBEDBF00EEA074 /* Assets.xcassets in Resources */,
				7D7172D520BBEDBD00EEA074 /* Main.storyboard in Resources */,
				7DBC507120E62A070046EB9F /* VideolarViewController.xib in Resources */,
			);
			runOnlyForDeploymentPostprocessing = 0;
		};
/* End PBXResourcesBuildPhase section */

/* Begin PBXShellScriptBuildPhase section */
		1E841A60FF92B8F41D5A79AE /* [CP] Embed Pods Frameworks */ = {
			isa = PBXShellScriptBuildPhase;
			buildActionMask = 2147483647;
			files = (
			);
			inputPaths = (
				"${SRCROOT}/Pods/Target Support Files/Pods-faiktribunu/Pods-faiktribunu-frameworks.sh",
				"${BUILT_PRODUCTS_DIR}/PSHTMLView/PSHTMLView.framework",
				"${BUILT_PRODUCTS_DIR}/ScrollableSegmentedControl/ScrollableSegmentedControl.framework",
			);
			name = "[CP] Embed Pods Frameworks";
			outputPaths = (
				"${TARGET_BUILD_DIR}/${FRAMEWORKS_FOLDER_PATH}/PSHTMLView.framework",
				"${TARGET_BUILD_DIR}/${FRAMEWORKS_FOLDER_PATH}/ScrollableSegmentedControl.framework",
			);
			runOnlyForDeploymentPostprocessing = 0;
			shellPath = /bin/sh;
			shellScript = "\"${SRCROOT}/Pods/Target Support Files/Pods-faiktribunu/Pods-faiktribunu-frameworks.sh\"\n";
			showEnvVarsInLog = 0;
		};
		23DF9BD1979C2519428A388D /* [CP] Check Pods Manifest.lock */ = {
			isa = PBXShellScriptBuildPhase;
			buildActionMask = 2147483647;
			files = (
			);
			inputPaths = (
				"${PODS_PODFILE_DIR_PATH}/Podfile.lock",
				"${PODS_ROOT}/Manifest.lock",
			);
			name = "[CP] Check Pods Manifest.lock";
			outputPaths = (
				"$(DERIVED_FILE_DIR)/Pods-faiktribunu-checkManifestLockResult.txt",
			);
			runOnlyForDeploymentPostprocessing = 0;
			shellPath = /bin/sh;
			shellScript = "diff \"${PODS_PODFILE_DIR_PATH}/Podfile.lock\" \"${PODS_ROOT}/Manifest.lock\" > /dev/null\nif [ $? != 0 ] ; then\n    # print error to STDERR\n    echo \"error: The sandbox is not in sync with the Podfile.lock. Run 'pod install' or update your CocoaPods installation.\" >&2\n    exit 1\nfi\n# This output is used by Xcode 'outputs' to avoid re-running this script phase.\necho \"SUCCESS\" > \"${SCRIPT_OUTPUT_FILE_0}\"\n";
			showEnvVarsInLog = 0;
		};
/* End PBXShellScriptBuildPhase section */

/* Begin PBXSourcesBuildPhase section */
		7D7172C820BBEDBD00EEA074 /* Sources */ = {
			isa = PBXSourcesBuildPhase;
			buildActionMask = 2147483647;
			files = (
				7DBC507020E62A070046EB9F /* VideolarViewController.swift in Sources */,
				7DBC507420E62A2E0046EB9F /* VideolarCollectionViewCell.swift in Sources */,
				7D9DA3AA20C584EC009A5BA1 /* CollectionViewCell.swift in Sources */,
				7D78FAF820C13E9A00314EA2 /* Yazilar.swift in Sources */,
				7D7172D220BBEDBD00EEA074 /* ViewController.swift in Sources */,
				7DFE381320E512D80003E517 /* YazilarViewController.swift in Sources */,
				7D6027A620E3741E008CC1CA /* BJKTVViewController.swift in Sources */,
				7D06B90720C6D07600C3C269 /* StaticVariables.swift in Sources */,
				7DBECAFC20BC44E100A4253C /* Extensions.swift in Sources */,
				7D7172D020BBEDBD00EEA074 /* AppDelegate.swift in Sources */,
				7DBC507820E63D8C0046EB9F /* DetayViewController.swift in Sources */,
				7D6027AE20E38C90008CC1CA /* YazilarCollectionViewCell.swift in Sources */,
			);
			runOnlyForDeploymentPostprocessing = 0;
		};
/* End PBXSourcesBuildPhase section */

/* Begin PBXVariantGroup section */
		7D7172D320BBEDBD00EEA074 /* Main.storyboard */ = {
			isa = PBXVariantGroup;
			children = (
				7D7172D420BBEDBD00EEA074 /* Base */,
			);
			name = Main.storyboard;
			sourceTree = "<group>";
		};
		7D7172D820BBEDBF00EEA074 /* LaunchScreen.storyboard */ = {
			isa = PBXVariantGroup;
			children = (
				7D7172D920BBEDBF00EEA074 /* Base */,
			);
			name = LaunchScreen.storyboard;
			sourceTree = "<group>";
		};
/* End PBXVariantGroup section */

/* Begin XCBuildConfiguration section */
		7D7172DC20BBEDBF00EEA074 /* Debug */ = {
			isa = XCBuildConfiguration;
			buildSettings = {
				ALWAYS_SEARCH_USER_PATHS = NO;
				CLANG_ANALYZER_NONNULL = YES;
				CLANG_ANALYZER_NUMBER_OBJECT_CONVERSION = YES_AGGRESSIVE;
				CLANG_CXX_LANGUAGE_STANDARD = "gnu++14";
				CLANG_CXX_LIBRARY = "libc++";
				CLANG_ENABLE_MODULES = YES;
				CLANG_ENABLE_OBJC_ARC = YES;
				CLANG_ENABLE_OBJC_WEAK = YES;
				CLANG_WARN_BLOCK_CAPTURE_AUTORELEASING = YES;
				CLANG_WARN_BOOL_CONVERSION = YES;
				CLANG_WARN_COMMA = YES;
				CLANG_WARN_CONSTANT_CONVERSION = YES;
				CLANG_WARN_DEPRECATED_OBJC_IMPLEMENTATIONS = YES;
				CLANG_WARN_DIRECT_OBJC_ISA_USAGE = YES_ERROR;
				CLANG_WARN_DOCUMENTATION_COMMENTS = YES;
				CLANG_WARN_EMPTY_BODY = YES;
				CLANG_WARN_ENUM_CONVERSION = YES;
				CLANG_WARN_INFINITE_RECURSION = YES;
				CLANG_WARN_INT_CONVERSION = YES;
				CLANG_WARN_NON_LITERAL_NULL_CONVERSION = YES;
				CLANG_WARN_OBJC_IMPLICIT_RETAIN_SELF = YES;
				CLANG_WARN_OBJC_LITERAL_CONVERSION = YES;
				CLANG_WARN_OBJC_ROOT_CLASS = YES_ERROR;
				CLANG_WARN_RANGE_LOOP_ANALYSIS = YES;
				CLANG_WARN_STRICT_PROTOTYPES = YES;
				CLANG_WARN_SUSPICIOUS_MOVE = YES;
				CLANG_WARN_UNGUARDED_AVAILABILITY = YES_AGGRESSIVE;
				CLANG_WARN_UNREACHABLE_CODE = YES;
				CLANG_WARN__DUPLICATE_METHOD_MATCH = YES;
				CODE_SIGN_IDENTITY = "iPhone Developer";
				COPY_PHASE_STRIP = NO;
				DEBUG_INFORMATION_FORMAT = dwarf;
				ENABLE_STRICT_OBJC_MSGSEND = YES;
				ENABLE_TESTABILITY = YES;
				GCC_C_LANGUAGE_STANDARD = gnu11;
				GCC_DYNAMIC_NO_PIC = NO;
				GCC_NO_COMMON_BLOCKS = YES;
				GCC_OPTIMIZATION_LEVEL = 0;
				GCC_PREPROCESSOR_DEFINITIONS = (
					"DEBUG=1",
					"$(inherited)",
				);
				GCC_WARN_64_TO_32_BIT_CONVERSION = YES;
				GCC_WARN_ABOUT_RETURN_TYPE = YES_ERROR;
				GCC_WARN_UNDECLARED_SELECTOR = YES;
				GCC_WARN_UNINITIALIZED_AUTOS = YES_AGGRESSIVE;
				GCC_WARN_UNUSED_FUNCTION = YES;
				GCC_WARN_UNUSED_VARIABLE = YES;
				IPHONEOS_DEPLOYMENT_TARGET = 11.0;
				MTL_ENABLE_DEBUG_INFO = YES;
				ONLY_ACTIVE_ARCH = YES;
				SDKROOT = iphoneos;
				SWIFT_ACTIVE_COMPILATION_CONDITIONS = DEBUG;
				SWIFT_OPTIMIZATION_LEVEL = "-Onone";
			};
			name = Debug;
		};
		7D7172DD20BBEDBF00EEA074 /* Release */ = {
			isa = XCBuildConfiguration;
			buildSettings = {
				ALWAYS_SEARCH_USER_PATHS = NO;
				CLANG_ANALYZER_NONNULL = YES;
				CLANG_ANALYZER_NUMBER_OBJECT_CONVERSION = YES_AGGRESSIVE;
				CLANG_CXX_LANGUAGE_STANDARD = "gnu++14";
				CLANG_CXX_LIBRARY = "libc++";
				CLANG_ENABLE_MODULES = YES;
				CLANG_ENABLE_OBJC_ARC = YES;
				CLANG_ENABLE_OBJC_WEAK = YES;
				CLANG_WARN_BLOCK_CAPTURE_AUTORELEASING = YES;
				CLANG_WARN_BOOL_CONVERSION = YES;
				CLANG_WARN_COMMA = YES;
				CLANG_WARN_CONSTANT_CONVERSION = YES;
				CLANG_WARN_DEPRECATED_OBJC_IMPLEMENTATIONS = YES;
				CLANG_WARN_DIRECT_OBJC_ISA_USAGE = YES_ERROR;
				CLANG_WARN_DOCUMENTATION_COMMENTS = YES;
				CLANG_WARN_EMPTY_BODY = YES;
				CLANG_WARN_ENUM_CONVERSION = YES;
				CLANG_WARN_INFINITE_RECURSION = YES;
				CLANG_WARN_INT_CONVERSION = YES;
				CLANG_WARN_NON_LITERAL_NULL_CONVERSION = YES;
				CLANG_WARN_OBJC_IMPLICIT_RETAIN_SELF = YES;
				CLANG_WARN_OBJC_LITERAL_CONVERSION = YES;
				CLANG_WARN_OBJC_ROOT_CLASS = YES_ERROR;
				CLANG_WARN_RANGE_LOOP_ANALYSIS = YES;
				CLANG_WARN_STRICT_PROTOTYPES = YES;
				CLANG_WARN_SUSPICIOUS_MOVE = YES;
				CLANG_WARN_UNGUARDED_AVAILABILITY = YES_AGGRESSIVE;
				CLANG_WARN_UNREACHABLE_CODE = YES;
				CLANG_WARN__DUPLICATE_METHOD_MATCH = YES;
				CODE_SIGN_IDENTITY = "iPhone Developer";
				COPY_PHASE_STRIP = NO;
				DEBUG_INFORMATION_FORMAT = "dwarf-with-dsym";
				ENABLE_NS_ASSERTIONS = NO;
				ENABLE_STRICT_OBJC_MSGSEND = YES;
				GCC_C_LANGUAGE_STANDARD = gnu11;
				GCC_NO_COMMON_BLOCKS = YES;
				GCC_WARN_64_TO_32_BIT_CONVERSION = YES;
				GCC_WARN_ABOUT_RETURN_TYPE = YES_ERROR;
				GCC_WARN_UNDECLARED_SELECTOR = YES;
				GCC_WARN_UNINITIALIZED_AUTOS = YES_AGGRESSIVE;
				GCC_WARN_UNUSED_FUNCTION = YES;
				GCC_WARN_UNUSED_VARIABLE = YES;
				IPHONEOS_DEPLOYMENT_TARGET = 11.0;
				MTL_ENABLE_DEBUG_INFO = NO;
				SDKROOT = iphoneos;
				SWIFT_COMPILATION_MODE = wholemodule;
				SWIFT_OPTIMIZATION_LEVEL = "-O";
				VALIDATE_PRODUCT = YES;
			};
			name = Release;
		};
		7D7172DF20BBEDBF00EEA074 /* Debug */ = {
			isa = XCBuildConfiguration;
			baseConfigurationReference = B557EBFAD21F21E3C5897E4B /* Pods-faiktribunu.debug.xcconfig */;
			buildSettings = {
				ASSETCATALOG_COMPILER_APPICON_NAME = AppIcon;
				CODE_SIGN_STYLE = Automatic;
				DEVELOPMENT_TEAM = 24G3237JT8;
				INFOPLIST_FILE = faiktribunu/Info.plist;
				IPHONEOS_DEPLOYMENT_TARGET = 11.0;
				LD_RUNPATH_SEARCH_PATHS = (
					"$(inherited)",
					"@executable_path/Frameworks",
				);
				PRODUCT_BUNDLE_IDENTIFIER = com.labters.faiktribunu;
				PRODUCT_NAME = "$(TARGET_NAME)";
				SWIFT_VERSION = 4.0;
				TARGETED_DEVICE_FAMILY = "1,2";
			};
			name = Debug;
		};
		7D7172E020BBEDBF00EEA074 /* Release */ = {
			isa = XCBuildConfiguration;
			baseConfigurationReference = F80A59D8AE459DE24BB840EF /* Pods-faiktribunu.release.xcconfig */;
			buildSettings = {
				ASSETCATALOG_COMPILER_APPICON_NAME = AppIcon;
				CODE_SIGN_STYLE = Automatic;
				DEVELOPMENT_TEAM = 24G3237JT8;
				INFOPLIST_FILE = faiktribunu/Info.plist;
				IPHONEOS_DEPLOYMENT_TARGET = 11.0;
				LD_RUNPATH_SEARCH_PATHS = (
					"$(inherited)",
					"@executable_path/Frameworks",
				);
				PRODUCT_BUNDLE_IDENTIFIER = com.labters.faiktribunu;
				PRODUCT_NAME = "$(TARGET_NAME)";
				SWIFT_VERSION = 4.0;
				TARGETED_DEVICE_FAMILY = "1,2";
			};
			name = Release;
		};
/* End XCBuildConfiguration section */

/* Begin XCConfigurationList section */
		7D7172C720BBEDBD00EEA074 /* Build configuration list for PBXProject "faiktribunu" */ = {
			isa = XCConfigurationList;
			buildConfigurations = (
				7D7172DC20BBEDBF00EEA074 /* Debug */,
				7D7172DD20BBEDBF00EEA074 /* Release */,
			);
			defaultConfigurationIsVisible = 0;
			defaultConfigurationName = Release;
		};
		7D7172DE20BBEDBF00EEA074 /* Build configuration list for PBXNativeTarget "faiktribunu" */ = {
			isa = XCConfigurationList;
			buildConfigurations = (
				7D7172DF20BBEDBF00EEA074 /* Debug */,
				7D7172E020BBEDBF00EEA074 /* Release */,
			);
			defaultConfigurationIsVisible = 0;
			defaultConfigurationName = Release;
		};
/* End XCConfigurationList section */
	};
	rootObject = 7D7172C420BBEDBD00EEA074 /* Project object */;
}
